// !$*UTF8*$!
{
	archiveVersion = 1;
	classes = {
	};
	objectVersion = 77;
	objects = {

/* Begin PBXBuildFile section */
		083C5E44278743C0B9AE4B0E /* ThoughtsView.swift in Sources */ = {isa = PBXBuildFile; fileRef = 276A05743BF74E6486DC3BC3 /* ThoughtsView.swift */; };
		0E0B5CE042EB4F66A223A796 /* WorkoutModeView.swift in Sources */ = {isa = PBXBuildFile; fileRef = 72E850EBA51B4FA389A321C6 /* WorkoutModeView.swift */; };
		2E3DB8E3161F4ACCB16A8022 /* SharedSpacesHubView.swift in Sources */ = {isa = PBXBuildFile; fileRef = B5E027962775488B95900143 /* SharedSpacesHubView.swift */; };
		53EAA882FC7E4307A297C067 /* SharedSpaceSyncService.swift in Sources */ = {isa = PBXBuildFile; fileRef = BAA6770445784A249FC6295F /* SharedSpaceSyncService.swift */; };
		63BDF21486C84994AB881237 /* RecipeImportService.swift in Sources */ = {isa = PBXBuildFile; fileRef = 3CA5165992CA4D5EADE9D002 /* RecipeImportService.swift */; };
		69E446DDE7464699BF9CDAE0 /* SharedSpace.swift in Sources */ = {isa = PBXBuildFile; fileRef = B92EF8EC96EE4A21951BE9DC /* SharedSpace.swift */; };
		867FB0F82B994B528E2B3B89 /* ThoughtTab.swift in Sources */ = {isa = PBXBuildFile; fileRef = 35DA8A35C3014ACB9B38725E /* ThoughtTab.swift */; };
		8729F5282F7727C600B58E0B /* FinanceService.swift in Sources */ = {isa = PBXBuildFile; fileRef = 8729F5272F7727C000B58E0B /* FinanceService.swift */; };
		8729F52A2F7727E000B58E0B /* FinanceEchoView.swift in Sources */ = {isa = PBXBuildFile; fileRef = 8729F5292F7727DB00B58E0B /* FinanceEchoView.swift */; };
		8729F52C2F7881F600B58E0B /* WorkoutParser.swift in Sources */ = {isa = PBXBuildFile; fileRef = 8729F52B2F7881EA00B58E0B /* WorkoutParser.swift */; };
		8729F52E2F78826B00B58E0B /* WorkoutDetailBlock.swift in Sources */ = {isa = PBXBuildFile; fileRef = 8729F52D2F78826900B58E0B /* WorkoutDetailBlock.swift */; };
		8729F5302F78828500B58E0B /* WorkoutEchoView.swift in Sources */ = {isa = PBXBuildFile; fileRef = 8729F52F2F78828400B58E0B /* WorkoutEchoView.swift */; };
		8729F5322F78829F00B58E0B /* QuickLogView.swift in Sources */ = {isa = PBXBuildFile; fileRef = 8729F5312F78829A00B58E0B /* QuickLogView.swift */; };
		8729F5382F7882EB00B58E0B /* FinanceDetailBlock.swift in Sources */ = {isa = PBXBuildFile; fileRef = 8729F5372F7882E700B58E0B /* FinanceDetailBlock.swift */; };
		8729F53A2F7883F500B58E0B /* TravelDetailBlock.swift in Sources */ = {isa = PBXBuildFile; fileRef = 8729F5392F7883F200B58E0B /* TravelDetailBlock.swift */; };
		8729F53C2F789CAA00B58E0B /* WorkoutSessionManager.swift in Sources */ = {isa = PBXBuildFile; fileRef = 8729F53B2F789CA800B58E0B /* WorkoutSessionManager.swift */; };
		872F722A2F4ED482000A4AE3 /* Assets.xcassets in Resources */ = {isa = PBXBuildFile; fileRef = 872F72262F4ED482000A4AE3 /* Assets.xcassets */; };
		872F722D2F4ED482000A4AE3 /* OrcaApp.swift in Sources */ = {isa = PBXBuildFile; fileRef = 872F72292F4ED482000A4AE3 /* OrcaApp.swift */; };
		872F72482F4FCF15000A4AE3 /* InstrumentSans-Italic-VariableFont_wdth,wght.ttf in Resources */ = {isa = PBXBuildFile; fileRef = 872F72472F4FCF15000A4AE3 /* InstrumentSans-Italic-VariableFont_wdth,wght.ttf */; };
		872F724A2F4FCF21000A4AE3 /* InstrumentSans-VariableFont_wdth,wght.ttf in Resources */ = {isa = PBXBuildFile; fileRef = 872F72492F4FCF21000A4AE3 /* InstrumentSans-VariableFont_wdth,wght.ttf */; };
		872F724D2F4FCF33000A4AE3 /* DMSans-VariableFont_opsz,wght.ttf in Resources */ = {isa = PBXBuildFile; fileRef = 872F724C2F4FCF33000A4AE3 /* DMSans-VariableFont_opsz,wght.ttf */; };
		872F724E2F4FCF33000A4AE3 /* DMSans-Italic-VariableFont_opsz,wght.ttf in Resources */ = {isa = PBXBuildFile; fileRef = 872F724B2F4FCF33000A4AE3 /* DMSans-Italic-VariableFont_opsz,wght.ttf */; };
		872F72552F4FCF41000A4AE3 /* DMMono-MediumItalic.ttf in Resources */ = {isa = PBXBuildFile; fileRef = 872F72532F4FCF41000A4AE3 /* DMMono-MediumItalic.ttf */; };
		872F72562F4FCF41000A4AE3 /* DMMono-Italic.ttf in Resources */ = {isa = PBXBuildFile; fileRef = 872F724F2F4FCF41000A4AE3 /* DMMono-Italic.ttf */; };
		872F72572F4FCF41000A4AE3 /* DMMono-Medium.ttf in Resources */ = {isa = PBXBuildFile; fileRef = 872F72522F4FCF41000A4AE3 /* DMMono-Medium.ttf */; };
		872F72582F4FCF41000A4AE3 /* DMMono-Regular.ttf in Resources */ = {isa = PBXBuildFile; fileRef = 872F72542F4FCF41000A4AE3 /* DMMono-Regular.ttf */; };
		872F72592F4FCF41000A4AE3 /* DMMono-Light.ttf in Resources */ = {isa = PBXBuildFile; fileRef = 872F72502F4FCF41000A4AE3 /* DMMono-Light.ttf */; };
		872F725A2F4FCF41000A4AE3 /* DMMono-LightItalic.ttf in Resources */ = {isa = PBXBuildFile; fileRef = 872F72512F4FCF41000A4AE3 /* DMMono-LightItalic.ttf */; };
		872F725D2F4FDC77000A4AE3 /* Ping.swift in Sources */ = {isa = PBXBuildFile; fileRef = 873C1BA22F4EB4440058324F /* Ping.swift */; };
		872F725E2F4FDC7D000A4AE3 /* Echo.swift in Sources */ = {isa = PBXBuildFile; fileRef = 873C1BA12F4EB43E0058324F /* Echo.swift */; };
		872F725F2F4FDC8B000A4AE3 /* Memory.swift in Sources */ = {isa = PBXBuildFile; fileRef = 873C1BA02F4EB4350058324F /* Memory.swift */; };
		872F72602F4FDDBC000A4AE3 /* ContentView.swift in Sources */ = {isa = PBXBuildFile; fileRef = 873C1B9F2F4EB4260058324F /* ContentView.swift */; };
		872F72612F4FDE07000A4AE3 /* Colors.swift in Sources */ = {isa = PBXBuildFile; fileRef = 873C1B922F4EB2F40058324F /* Colors.swift */; };
		872F72622F4FE4D1000A4AE3 /* DropButton.swift in Sources */ = {isa = PBXBuildFile; fileRef = 873C1B952F4EB3890058324F /* DropButton.swift */; };
		872F72632F4FE581000A4AE3 /* FinIcon.swift in Sources */ = {isa = PBXBuildFile; fileRef = 873C1B942F4EB3790058324F /* FinIcon.swift */; };
		872F72642F4FE598000A4AE3 /* DashboardView.swift in Sources */ = {isa = PBXBuildFile; fileRef = 872F72342F4F2356000A4AE3 /* DashboardView.swift */; };
		872F72652F4FE5D8000A4AE3 /* EchoBubbleView.swift in Sources */ = {isa = PBXBuildFile; fileRef = 872F72352F4F2365000A4AE3 /* EchoBubbleView.swift */; };
		872F72662F4FE723000A4AE3 /* SearchView.swift in Sources */ = {isa = PBXBuildFile; fileRef = 872F723B2F4F23BA000A4AE3 /* SearchView.swift */; };
		872F72672F4FE728000A4AE3 /* EchoDetailView.swift in Sources */ = {isa = PBXBuildFile; fileRef = 872F72362F4F236F000A4AE3 /* EchoDetailView.swift */; };
		872F72682F4FE746000A4AE3 /* CalendarTabView.swift in Sources */ = {isa = PBXBuildFile; fileRef = 872F723E2F4F23D1000A4AE3 /* CalendarTabView.swift */; };
		872F72692F4FE759000A4AE3 /* DropOverlayView.swift in Sources */ = {isa = PBXBuildFile; fileRef = 872F72382F4F2399000A4AE3 /* DropOverlayView.swift */; };
		872F726A2F4FF0E0000A4AE3 /* AudioService.swift in Sources */ = {isa = PBXBuildFile; fileRef = 873C1B9A2F4EB3DF0058324F /* AudioService.swift */; };
		872F726B2F4FF0ED000A4AE3 /* SonarEngine.swift in Sources */ = {isa = PBXBuildFile; fileRef = 873C1B992F4EB3CE0058324F /* SonarEngine.swift */; };
		872F726C2F4FF148000A4AE3 /* ConfirmBannerView.swift in Sources */ = {isa = PBXBuildFile; fileRef = 872F72392F4F23A0000A4AE3 /* ConfirmBannerView.swift */; };
		872F726D2F4FF4BC000A4AE3 /* CaptureDrawerView.swift in Sources */ = {isa = PBXBuildFile; fileRef = 872F723A2F4F23AB000A4AE3 /* CaptureDrawerView.swift */; };
		872F726F2F4FF511000A4AE3 /* TypeCaptureView.swift in Sources */ = {isa = PBXBuildFile; fileRef = 872F726E2F4FF50B000A4AE3 /* TypeCaptureView.swift */; };
		872F72712F4FF9B7000A4AE3 /* MemoryEditView.swift in Sources */ = {isa = PBXBuildFile; fileRef = 872F72702F4FF9A9000A4AE3 /* MemoryEditView.swift */; };
		872F72722F51254C000A4AE3 /* UpcomingCard.swift in Sources */ = {isa = PBXBuildFile; fileRef = 872F72372F4F237F000A4AE3 /* UpcomingCard.swift */; };
		872F72752F512601000A4AE3 /* SettingsView.swift in Sources */ = {isa = PBXBuildFile; fileRef = 872F72442F4F240A000A4AE3 /* SettingsView.swift */; };
		872F72762F512770000A4AE3 /* BrowseAllView.swift in Sources */ = {isa = PBXBuildFile; fileRef = 872F723D2F4F23C7000A4AE3 /* BrowseAllView.swift */; };
		8788DA212F96F1F7004DD77D /* DurationParser.swift in Sources */ = {isa = PBXBuildFile; fileRef = 8788DA202F96F1EF004DD77D /* DurationParser.swift */; };
		8788DA232F96F217004DD77D /* EchoColors.swift in Sources */ = {isa = PBXBuildFile; fileRef = 8788DA222F96F213004DD77D /* EchoColors.swift */; };
		8788DA252FA37EC5004DD77D /* SonarAnimationView.swift in Sources */ = {isa = PBXBuildFile; fileRef = 8788DA242FA37EBB004DD77D /* SonarAnimationView.swift */; };
		8788DA272FA3B0B9004DD77D /* WatchListItem.swift in Sources */ = {isa = PBXBuildFile; fileRef = 8788DA262FA3B0B5004DD77D /* WatchListItem.swift */; };
		8788DA292FA3B0D9004DD77D /* WatchModeView.swift in Sources */ = {isa = PBXBuildFile; fileRef = 8788DA282FA3B0D3004DD77D /* WatchModeView.swift */; };
		878C036F2F676FD70016D38A /* MemoryDetailView.swift in Sources */ = {isa = PBXBuildFile; fileRef = 872F72452F4F2417000A4AE3 /* MemoryDetailView.swift */; };
		878C03732F67A67E0016D38A /* RecipeCaptureView.swift in Sources */ = {isa = PBXBuildFile; fileRef = 878C03722F67A67E0016D38A /* RecipeCaptureView.swift */; };
		878C03752F6898970016D38A /* WeatherService.swift in Sources */ = {isa = PBXBuildFile; fileRef = 878C03742F68988D0016D38A /* WeatherService.swift */; };
		878C03772F6898C10016D38A /* LocationService.swift in Sources */ = {isa = PBXBuildFile; fileRef = 878C03762F6898B40016D38A /* LocationService.swift */; };
		878C03792F68A8D00016D38A /* SpotLightService.swift in Sources */ = {isa = PBXBuildFile; fileRef = 878C03782F68A8C00016D38A /* SpotLightService.swift */; };
		878C037B2F6F22920016D38A /* LocationSearchView.swift in Sources */ = {isa = PBXBuildFile; fileRef = 878C037A2F6F228B0016D38A /* LocationSearchView.swift */; };
		878C037D2F6F940C0016D38A /* GroceryModeView.swift in Sources */ = {isa = PBXBuildFile; fileRef = 878C037C2F6F940A0016D38A /* GroceryModeView.swift */; };
		878C037F2F6F9F160016D38A /* GroceryList.swift in Sources */ = {isa = PBXBuildFile; fileRef = 878C037E2F6F9F100016D38A /* GroceryList.swift */; };
		878C03812F737F7D0016D38A /* TravelConfirmationParser.swift in Sources */ = {isa = PBXBuildFile; fileRef = 878C03802F737F7A0016D38A /* TravelConfirmationParser.swift */; };
		879CB27D2FB8F02D00CA1494 /* .env in Resources */ = {isa = PBXBuildFile; fileRef = 879CB27C2FB8F01B00CA1494 /* .env */; };
		879E5B2E2F8C933D0017738D /* RecipeBuilderView.swift in Sources */ = {isa = PBXBuildFile; fileRef = 879E5B2D2F8C93330017738D /* RecipeBuilderView.swift */; };
		87A1B2C3D4E5F6A7B8C9D101 /* RecipeInstructionEditorView.swift in Sources */ = {isa = PBXBuildFile; fileRef = 87A1B2C3D4E5F6A7B8C9D100 /* RecipeInstructionEditorView.swift */; };
		87AB74CB2FC0A0760065A2D6 /* WidgetKit.framework in Frameworks */ = {isa = PBXBuildFile; fileRef = 878C03562F63B8BE0016D38A /* WidgetKit.framework */; };
		87AB74CC2FC0A0760065A2D6 /* SwiftUI.framework in Frameworks */ = {isa = PBXBuildFile; fileRef = 878C03582F63B8BE0016D38A /* SwiftUI.framework */; };
		87AB74D92FC0A0770065A2D6 /* OrcaWidgetExtension.appex in Embed Foundation Extensions */ = {isa = PBXBuildFile; fileRef = 87AB74CA2FC0A0760065A2D6 /* OrcaWidgetExtension.appex */; settings = {ATTRIBUTES = (RemoveHeadersOnCopy, ); }; };
		87BBD7A52F805A4900CB8A33 /* WeatherDetailView.swift in Sources */ = {isa = PBXBuildFile; fileRef = 87BBD7A42F805A4200CB8A33 /* WeatherDetailView.swift */; };
		87CD0ADF2F5236DD00CAAB4D /* TodayView.swift in Sources */ = {isa = PBXBuildFile; fileRef = 87CD0ADE2F5236DA00CAAB4D /* TodayView.swift */; };
		87CD0AE12F52917B00CAAB4D /* Config.swift in Sources */ = {isa = PBXBuildFile; fileRef = 873C1B932F4EB2FB0058324F /* Config.swift */; };
		87CD0AE42F52992800CAAB4D /* AuthService.swift in Sources */ = {isa = PBXBuildFile; fileRef = 873C1B9C2F4EB3F30058324F /* AuthService.swift */; };
		87CD0AE52F52992E00CAAB4D /* SupabaseManager.swift in Sources */ = {isa = PBXBuildFile; fileRef = 87CD0AE32F52990400CAAB4D /* SupabaseManager.swift */; };
		87CD0AE72F52996100CAAB4D /* AuthView.swift in Sources */ = {isa = PBXBuildFile; fileRef = 87CD0AE62F52995300CAAB4D /* AuthView.swift */; };
		87CD0AEA2F529B4700CAAB4D /* Supabase in Frameworks */ = {isa = PBXBuildFile; productRef = 87CD0AE92F529B4700CAAB4D /* Supabase */; };
		87CD0AEC2F55407D00CAAB4D /* NotifcationService.swift in Sources */ = {isa = PBXBuildFile; fileRef = 873C1B9B2F4EB3E60058324F /* NotifcationService.swift */; };
		87CD0AEE2F57300700CAAB4D /* PhotoCaptureView.swift in Sources */ = {isa = PBXBuildFile; fileRef = 87CD0AED2F57300500CAAB4D /* PhotoCaptureView.swift */; };
		87CD0AF02F57357500CAAB4D /* OrcaShortcuts.swift in Sources */ = {isa = PBXBuildFile; fileRef = 87CD0AEF2F57357300CAAB4D /* OrcaShortcuts.swift */; };
		87CD0AF22F57443700CAAB4D /* SubTask.swift in Sources */ = {isa = PBXBuildFile; fileRef = 87CD0AF12F57443300CAAB4D /* SubTask.swift */; };
		87CD0AF42F576FCC00CAAB4D /* RecipeExtractor.swift in Sources */ = {isa = PBXBuildFile; fileRef = 87CD0AF32F576FC300CAAB4D /* RecipeExtractor.swift */; };
		87CD0AF62F578BC300CAAB4D /* ManageEchosView.swift in Sources */ = {isa = PBXBuildFile; fileRef = 87CD0AF52F578BC200CAAB4D /* ManageEchosView.swift */; };
		87CD0AF72F57930700CAAB4D /* OnboardingFlow.swift in Sources */ = {isa = PBXBuildFile; fileRef = 872F72412F4F23E7000A4AE3 /* OnboardingFlow.swift */; };
		87CD0AFA2F57D99A00CAAB4D /* Mixpanel in Frameworks */ = {isa = PBXBuildFile; productRef = 87CD0AF92F57D99A00CAAB4D /* Mixpanel */; };
		87CD0AFB2F57D9B100CAAB4D /* AnalyticsService.swift in Sources */ = {isa = PBXBuildFile; fileRef = 873C1B9E2F4EB40A0058324F /* AnalyticsService.swift */; };
		87CD0AFD2F59312F00CAAB4D /* SupabaseSyncServices.swift in Sources */ = {isa = PBXBuildFile; fileRef = 87CD0AFC2F59311F00CAAB4D /* SupabaseSyncServices.swift */; };
		A1B2C3D4E5F6A7B8C9D0E1F3 /* GiftQuickActionView.swift in Sources */ = {isa = PBXBuildFile; fileRef = A1B2C3D4E5F6A7B8C9D0E1F2 /* GiftQuickActionView.swift */; };
		A1B2C3D4E5F6A7B8C9D0E2F1 /* TMDBService.swift in Sources */ = {isa = PBXBuildFile; fileRef = A1B2C3D4E5F6A7B8C9D0E2F0 /* TMDBService.swift */; };
		A1B2C3D4E5F6A7B8C9D0E3F1 /* MediaDetailSheet.swift in Sources */ = {isa = PBXBuildFile; fileRef = A1B2C3D4E5F6A7B8C9D0E3F0 /* MediaDetailSheet.swift */; };
		A1B2C3D4E5F6A7B8C9D0E4F1 /* TCGCard.swift in Sources */ = {isa = PBXBuildFile; fileRef = A1B2C3D4E5F6A7B8C9D0E4F0 /* TCGCard.swift */; };
		A1B2C3D4E5F6A7B8C9D0E5F1 /* PokemonTCGService.swift in Sources */ = {isa = PBXBuildFile; fileRef = A1B2C3D4E5F6A7B8C9D0E5F0 /* PokemonTCGService.swift */; };
		A1B2C3D4E5F6A7B8C9D0E6F1 /* TCGView.swift in Sources */ = {isa = PBXBuildFile; fileRef = A1B2C3D4E5F6A7B8C9D0E6F0 /* TCGView.swift */; };
		A1B2C3D4E5F6A7B8C9D0E7F1 /* TCGSearchView.swift in Sources */ = {isa = PBXBuildFile; fileRef = A1B2C3D4E5F6A7B8C9D0E7F0 /* TCGSearchView.swift */; };
		A1B2C3D4E5F6A7B8C9D0E8F1 /* TCGCardDetailSheet.swift in Sources */ = {isa = PBXBuildFile; fileRef = A1B2C3D4E5F6A7B8C9D0E8F0 /* TCGCardDetailSheet.swift */; };
		A1B2C3D4E5F6A7B8C9D0E9F1 /* TCGSetBrowserView.swift in Sources */ = {isa = PBXBuildFile; fileRef = A1B2C3D4E5F6A7B8C9D0E9F0 /* TCGSetBrowserView.swift */; };
		A1B2C3D4E5F6A7B8C9D0EAF1 /* TCGSetDetailView.swift in Sources */ = {isa = PBXBuildFile; fileRef = A1B2C3D4E5F6A7B8C9D0EAF0 /* TCGSetDetailView.swift */; };
		A1B2C3D4E5F6A7B8C9D0EBF1 /* SmiskiData.swift in Sources */ = {isa = PBXBuildFile; fileRef = A1B2C3D4E5F6A7B8C9D0EBF0 /* SmiskiData.swift */; };
		A1B2C3D4E5F6A7B8C9D0ECF1 /* SmiskiItem.swift in Sources */ = {isa = PBXBuildFile; fileRef = A1B2C3D4E5F6A7B8C9D0ECF0 /* SmiskiItem.swift */; };
		A1B2C3D4E5F6A7B8C9D0EDF1 /* SmiskiView.swift in Sources */ = {isa = PBXBuildFile; fileRef = A1B2C3D4E5F6A7B8C9D0EDF0 /* SmiskiView.swift */; };
		A1B2C3D4E5F6A7B8C9D0EEF1 /* LegoSet.swift in Sources */ = {isa = PBXBuildFile; fileRef = A1B2C3D4E5F6A7B8C9D0EEF0 /* LegoSet.swift */; };
		A1B2C3D4E5F6A7B8C9D0EFF1 /* RebrickableService.swift in Sources */ = {isa = PBXBuildFile; fileRef = A1B2C3D4E5F6A7B8C9D0EFF0 /* RebrickableService.swift */; };
		A1B2C3D4E5F6A7B8C9D0F0F1 /* LegoView.swift in Sources */ = {isa = PBXBuildFile; fileRef = A1B2C3D4E5F6A7B8C9D0F0F0 /* LegoView.swift */; };
		AA01B1112F9A000100CA1001 /* CalendarService.swift in Sources */ = {isa = PBXBuildFile; fileRef = AA01B1102F9A000100CA1001 /* CalendarService.swift */; };
		AA02C1012FAB000100A10001 /* AppleIntelligenceService.swift in Sources */ = {isa = PBXBuildFile; fileRef = AA02C1002FAB000100A10001 /* AppleIntelligenceService.swift */; };
		BF52E9249DAA48CA9B4D5F0E /* InvitePartnerView.swift in Sources */ = {isa = PBXBuildFile; fileRef = CB38421D0E414BE8B1B1CB3F /* InvitePartnerView.swift */; };
		EB965DF991AB49D7A6535285 /* SharedSpaceView.swift in Sources */ = {isa = PBXBuildFile; fileRef = 6E9EBA5833A045DDA182CE6C /* SharedSpaceView.swift */; };
		EBEA33F619B04CD8BC00A521 /* SharedEventDetailView.swift in Sources */ = {isa = PBXBuildFile; fileRef = 894410E66040486FB43DCB22 /* SharedEventDetailView.swift */; };
		FACA77F7FC9540CDB8130293 /* MealDBService.swift in Sources */ = {isa = PBXBuildFile; fileRef = 784F83020862420ABC203C97 /* MealDBService.swift */; };
/* End PBXBuildFile section */

/* Begin PBXContainerItemProxy section */
		873C1B6B2F4EA59E0058324F /* PBXContainerItemProxy */ = {
			isa = PBXContainerItemProxy;
			containerPortal = 873C1B532F4EA59D0058324F /* Project object */;
			proxyType = 1;
			remoteGlobalIDString = 873C1B5A2F4EA59D0058324F;
			remoteInfo = Orca;
		};
		873C1B752F4EA59E0058324F /* PBXContainerItemProxy */ = {
			isa = PBXContainerItemProxy;
			containerPortal = 873C1B532F4EA59D0058324F /* Project object */;
			proxyType = 1;
			remoteGlobalIDString = 873C1B5A2F4EA59D0058324F;
			remoteInfo = Orca;
		};
		87AB74D72FC0A0770065A2D6 /* PBXContainerItemProxy */ = {
			isa = PBXContainerItemProxy;
			containerPortal = 873C1B532F4EA59D0058324F /* Project object */;
			proxyType = 1;
			remoteGlobalIDString = 87AB74C92FC0A0760065A2D6;
			remoteInfo = OrcaWidgetExtension;
		};
/* End PBXContainerItemProxy section */

/* Begin PBXCopyFilesBuildPhase section */
		878C036B2F63B8BF0016D38A /* Embed Foundation Extensions */ = {
			isa = PBXCopyFilesBuildPhase;
			buildActionMask = 2147483647;
			dstPath = "";
			dstSubfolderSpec = 13;
			files = (
				87AB74D92FC0A0770065A2D6 /* OrcaWidgetExtension.appex in Embed Foundation Extensions */,
			);
			name = "Embed Foundation Extensions";
			runOnlyForDeploymentPostprocessing = 0;
		};
/* End PBXCopyFilesBuildPhase section */

/* Begin PBXFileReference section */
		276A05743BF74E6486DC3BC3 /* ThoughtsView.swift */ = {isa = PBXFileReference; lastKnownFileType = sourcecode.swift; path = ThoughtsView.swift; sourceTree = "<group>"; };
		35DA8A35C3014ACB9B38725E /* ThoughtTab.swift */ = {isa = PBXFileReference; lastKnownFileType = sourcecode.swift; path = ThoughtTab.swift; sourceTree = "<group>"; };
		3CA5165992CA4D5EADE9D002 /* RecipeImportService.swift */ = {isa = PBXFileReference; lastKnownFileType = sourcecode.swift; path = RecipeImportService.swift; sourceTree = "<group>"; };
		6E9EBA5833A045DDA182CE6C /* SharedSpaceView.swift */ = {isa = PBXFileReference; lastKnownFileType = sourcecode.swift; path = SharedSpaceView.swift; sourceTree = "<group>"; };
		72E850EBA51B4FA389A321C6 /* WorkoutModeView.swift */ = {isa = PBXFileReference; lastKnownFileType = sourcecode.swift; path = WorkoutModeView.swift; sourceTree = "<group>"; };
		784F83020862420ABC203C97 /* MealDBService.swift */ = {isa = PBXFileReference; lastKnownFileType = sourcecode.swift; path = MealDBService.swift; sourceTree = "<group>"; };
		8729F5272F7727C000B58E0B /* FinanceService.swift */ = {isa = PBXFileReference; lastKnownFileType = sourcecode.swift; path = FinanceService.swift; sourceTree = "<group>"; };
		8729F5292F7727DB00B58E0B /* FinanceEchoView.swift */ = {isa = PBXFileReference; lastKnownFileType = sourcecode.swift; path = FinanceEchoView.swift; sourceTree = "<group>"; };
		8729F52B2F7881EA00B58E0B /* WorkoutParser.swift */ = {isa = PBXFileReference; lastKnownFileType = sourcecode.swift; path = WorkoutParser.swift; sourceTree = "<group>"; };
		8729F52D2F78826900B58E0B /* WorkoutDetailBlock.swift */ = {isa = PBXFileReference; lastKnownFileType = sourcecode.swift; path = WorkoutDetailBlock.swift; sourceTree = "<group>"; };
		8729F52F2F78828400B58E0B /* WorkoutEchoView.swift */ = {isa = PBXFileReference; lastKnownFileType = sourcecode.swift; path = WorkoutEchoView.swift; sourceTree = "<group>"; };
		8729F5312F78829A00B58E0B /* QuickLogView.swift */ = {isa = PBXFileReference; lastKnownFileType = sourcecode.swift; path = QuickLogView.swift; sourceTree = "<group>"; };
		8729F5372F7882E700B58E0B /* FinanceDetailBlock.swift */ = {isa = PBXFileReference; lastKnownFileType = sourcecode.swift; path = FinanceDetailBlock.swift; sourceTree = "<group>"; };
		8729F5392F7883F200B58E0B /* TravelDetailBlock.swift */ = {isa = PBXFileReference; lastKnownFileType = sourcecode.swift; path = TravelDetailBlock.swift; sourceTree = "<group>"; };
		8729F53B2F789CA800B58E0B /* WorkoutSessionManager.swift */ = {isa = PBXFileReference; lastKnownFileType = sourcecode.swift; path = WorkoutSessionManager.swift; sourceTree = "<group>"; };
		872F72262F4ED482000A4AE3 /* Assets.xcassets */ = {isa = PBXFileReference; lastKnownFileType = folder.assetcatalog; path = Assets.xcassets; sourceTree = "<group>"; };
		872F72292F4ED482000A4AE3 /* OrcaApp.swift */ = {isa = PBXFileReference; lastKnownFileType = sourcecode.swift; path = OrcaApp.swift; sourceTree = "<group>"; };
		872F72342F4F2356000A4AE3 /* DashboardView.swift */ = {isa = PBXFileReference; lastKnownFileType = sourcecode.swift; path = DashboardView.swift; sourceTree = "<group>"; };
		872F72352F4F2365000A4AE3 /* EchoBubbleView.swift */ = {isa = PBXFileReference; lastKnownFileType = sourcecode.swift; path = EchoBubbleView.swift; sourceTree = "<group>"; };
		872F72362F4F236F000A4AE3 /* EchoDetailView.swift */ = {isa = PBXFileReference; lastKnownFileType = sourcecode.swift; path = EchoDetailView.swift; sourceTree = "<group>"; };
		872F72372F4F237F000A4AE3 /* UpcomingCard.swift */ = {isa = PBXFileReference; lastKnownFileType = sourcecode.swift; path = UpcomingCard.swift; sourceTree = "<group>"; };
		872F72382F4F2399000A4AE3 /* DropOverlayView.swift */ = {isa = PBXFileReference; lastKnownFileType = sourcecode.swift; path = DropOverlayView.swift; sourceTree = "<group>"; };
		872F72392F4F23A0000A4AE3 /* ConfirmBannerView.swift */ = {isa = PBXFileReference; lastKnownFileType = sourcecode.swift; path = ConfirmBannerView.swift; sourceTree = "<group>"; };
		872F723A2F4F23AB000A4AE3 /* CaptureDrawerView.swift */ = {isa = PBXFileReference; lastKnownFileType = sourcecode.swift; path = CaptureDrawerView.swift; sourceTree = "<group>"; };
		872F723B2F4F23BA000A4AE3 /* SearchView.swift */ = {isa = PBXFileReference; lastKnownFileType = sourcecode.swift; path = SearchView.swift; sourceTree = "<group>"; };
		872F723D2F4F23C7000A4AE3 /* BrowseAllView.swift */ = {isa = PBXFileReference; lastKnownFileType = sourcecode.swift; path = BrowseAllView.swift; sourceTree = "<group>"; };
		872F723E2F4F23D1000A4AE3 /* CalendarTabView.swift */ = {isa = PBXFileReference; lastKnownFileType = sourcecode.swift; path = CalendarTabView.swift; sourceTree = "<group>"; };
		872F72412F4F23E7000A4AE3 /* OnboardingFlow.swift */ = {isa = PBXFileReference; lastKnownFileType = sourcecode.swift; path = OnboardingFlow.swift; sourceTree = "<group>"; };
		872F72442F4F240A000A4AE3 /* SettingsView.swift */ = {isa = PBXFileReference; lastKnownFileType = sourcecode.swift; path = SettingsView.swift; sourceTree = "<group>"; };
		872F72452F4F2417000A4AE3 /* MemoryDetailView.swift */ = {isa = PBXFileReference; lastKnownFileType = sourcecode.swift; path = MemoryDetailView.swift; sourceTree = "<group>"; };
		872F72472F4FCF15000A4AE3 /* InstrumentSans-Italic-VariableFont_wdth,wght.ttf */ = {isa = PBXFileReference; lastKnownFileType = file; path = "InstrumentSans-Italic-VariableFont_wdth,wght.ttf"; sourceTree = "<group>"; };
		872F72492F4FCF21000A4AE3 /* InstrumentSans-VariableFont_wdth,wght.ttf */ = {isa = PBXFileReference; lastKnownFileType = file; path = "InstrumentSans-VariableFont_wdth,wght.ttf"; sourceTree = "<group>"; };
		872F724B2F4FCF33000A4AE3 /* DMSans-Italic-VariableFont_opsz,wght.ttf */ = {isa = PBXFileReference; lastKnownFileType = file; path = "DMSans-Italic-VariableFont_opsz,wght.ttf"; sourceTree = "<group>"; };
		872F724C2F4FCF33000A4AE3 /* DMSans-VariableFont_opsz,wght.ttf */ = {isa = PBXFileReference; lastKnownFileType = file; path = "DMSans-VariableFont_opsz,wght.ttf"; sourceTree = "<group>"; };
		872F724F2F4FCF41000A4AE3 /* DMMono-Italic.ttf */ = {isa = PBXFileReference; lastKnownFileType = file; path = "DMMono-Italic.ttf"; sourceTree = "<group>"; };
		872F72502F4FCF41000A4AE3 /* DMMono-Light.ttf */ = {isa = PBXFileReference; lastKnownFileType = file; path = "DMMono-Light.ttf"; sourceTree = "<group>"; };
		872F72512F4FCF41000A4AE3 /* DMMono-LightItalic.ttf */ = {isa = PBXFileReference; lastKnownFileType = file; path = "DMMono-LightItalic.ttf"; sourceTree = "<group>"; };
		872F72522F4FCF41000A4AE3 /* DMMono-Medium.ttf */ = {isa = PBXFileReference; lastKnownFileType = file; path = "DMMono-Medium.ttf"; sourceTree = "<group>"; };
		872F72532F4FCF41000A4AE3 /* DMMono-MediumItalic.ttf */ = {isa = PBXFileReference; lastKnownFileType = file; path = "DMMono-MediumItalic.ttf"; sourceTree = "<group>"; };
		872F72542F4FCF41000A4AE3 /* DMMono-Regular.ttf */ = {isa = PBXFileReference; lastKnownFileType = file; path = "DMMono-Regular.ttf"; sourceTree = "<group>"; };
		872F726E2F4FF50B000A4AE3 /* TypeCaptureView.swift */ = {isa = PBXFileReference; lastKnownFileType = sourcecode.swift; path = TypeCaptureView.swift; sourceTree = "<group>"; };
		872F72702F4FF9A9000A4AE3 /* MemoryEditView.swift */ = {isa = PBXFileReference; lastKnownFileType = sourcecode.swift; path = MemoryEditView.swift; sourceTree = "<group>"; };
		873C1B5B2F4EA59D0058324F /* Orca.app */ = {isa = PBXFileReference; explicitFileType = wrapper.application; includeInIndex = 0; path = Orca.app; sourceTree = BUILT_PRODUCTS_DIR; };
		873C1B6A2F4EA59E0058324F /* OrcaTests.xctest */ = {isa = PBXFileReference; explicitFileType = wrapper.cfbundle; includeInIndex = 0; path = OrcaTests.xctest; sourceTree = BUILT_PRODUCTS_DIR; };
		873C1B742F4EA59E0058324F /* OrcaUITests.xctest */ = {isa = PBXFileReference; explicitFileType = wrapper.cfbundle; includeInIndex = 0; path = OrcaUITests.xctest; sourceTree = BUILT_PRODUCTS_DIR; };
		873C1B922F4EB2F40058324F /* Colors.swift */ = {isa = PBXFileReference; lastKnownFileType = sourcecode.swift; path = Colors.swift; sourceTree = "<group>"; };
		873C1B932F4EB2FB0058324F /* Config.swift */ = {isa = PBXFileReference; lastKnownFileType = sourcecode.swift; path = Config.swift; sourceTree = "<group>"; };
		873C1B942F4EB3790058324F /* FinIcon.swift */ = {isa = PBXFileReference; lastKnownFileType = sourcecode.swift; path = FinIcon.swift; sourceTree = "<group>"; };
		873C1B952F4EB3890058324F /* DropButton.swift */ = {isa = PBXFileReference; lastKnownFileType = sourcecode.swift; path = DropButton.swift; sourceTree = "<group>"; };
		873C1B972F4EB3AA0058324F /* EchoBadge.swift */ = {isa = PBXFileReference; lastKnownFileType = sourcecode.swift; path = EchoBadge.swift; sourceTree = "<group>"; };
		873C1B982F4EB3B60058324F /* PingCard.swift */ = {isa = PBXFileReference; lastKnownFileType = sourcecode.swift; path = PingCard.swift; sourceTree = "<group>"; };
		873C1B992F4EB3CE0058324F /* SonarEngine.swift */ = {isa = PBXFileReference; lastKnownFileType = sourcecode.swift; path = SonarEngine.swift; sourceTree = "<group>"; };
		873C1B9A2F4EB3DF0058324F /* AudioService.swift */ = {isa = PBXFileReference; lastKnownFileType = sourcecode.swift; path = AudioService.swift; sourceTree = "<group>"; };
		873C1B9B2F4EB3E60058324F /* NotifcationService.swift */ = {isa = PBXFileReference; lastKnownFileType = sourcecode.swift; path = NotifcationService.swift; sourceTree = "<group>"; };
		873C1B9C2F4EB3F30058324F /* AuthService.swift */ = {isa = PBXFileReference; lastKnownFileType = sourcecode.swift; path = AuthService.swift; sourceTree = "<group>"; };
		873C1B9E2F4EB40A0058324F /* AnalyticsService.swift */ = {isa = PBXFileReference; lastKnownFileType = sourcecode.swift; path = AnalyticsService.swift; sourceTree = "<group>"; };
		873C1B9F2F4EB4260058324F /* ContentView.swift */ = {isa = PBXFileReference; lastKnownFileType = sourcecode.swift; path = ContentView.swift; sourceTree = "<group>"; };
		873C1BA02F4EB4350058324F /* Memory.swift */ = {isa = PBXFileReference; lastKnownFileType = sourcecode.swift; path = Memory.swift; sourceTree = "<group>"; };
		873C1BA12F4EB43E0058324F /* Echo.swift */ = {isa = PBXFileReference; lastKnownFileType = sourcecode.swift; path = Echo.swift; sourceTree = "<group>"; };
		873C1BA22F4EB4440058324F /* Ping.swift */ = {isa = PBXFileReference; lastKnownFileType = sourcecode.swift; path = Ping.swift; sourceTree = "<group>"; };
		8788DA202F96F1EF004DD77D /* DurationParser.swift */ = {isa = PBXFileReference; lastKnownFileType = sourcecode.swift; path = DurationParser.swift; sourceTree = "<group>"; };
		8788DA222F96F213004DD77D /* EchoColors.swift */ = {isa = PBXFileReference; lastKnownFileType = sourcecode.swift; path = EchoColors.swift; sourceTree = "<group>"; };
		8788DA242FA37EBB004DD77D /* SonarAnimationView.swift */ = {isa = PBXFileReference; lastKnownFileType = sourcecode.swift; path = SonarAnimationView.swift; sourceTree = "<group>"; };
		8788DA262FA3B0B5004DD77D /* WatchListItem.swift */ = {isa = PBXFileReference; lastKnownFileType = sourcecode.swift; path = WatchListItem.swift; sourceTree = "<group>"; };
		8788DA282FA3B0D3004DD77D /* WatchModeView.swift */ = {isa = PBXFileReference; lastKnownFileType = sourcecode.swift; path = WatchModeView.swift; sourceTree = "<group>"; };
		878C03562F63B8BE0016D38A /* WidgetKit.framework */ = {isa = PBXFileReference; lastKnownFileType = wrapper.framework; name = WidgetKit.framework; path = System/Library/Frameworks/WidgetKit.framework; sourceTree = SDKROOT; };
		878C03582F63B8BE0016D38A /* SwiftUI.framework */ = {isa = PBXFileReference; lastKnownFileType = wrapper.framework; name = SwiftUI.framework; path = System/Library/Frameworks/SwiftUI.framework; sourceTree = SDKROOT; };
		878C03722F67A67E0016D38A /* RecipeCaptureView.swift */ = {isa = PBXFileReference; lastKnownFileType = sourcecode.swift; path = RecipeCaptureView.swift; sourceTree = "<group>"; };
		878C03742F68988D0016D38A /* WeatherService.swift */ = {isa = PBXFileReference; lastKnownFileType = sourcecode.swift; path = WeatherService.swift; sourceTree = "<group>"; };
		878C03762F6898B40016D38A /* LocationService.swift */ = {isa = PBXFileReference; lastKnownFileType = sourcecode.swift; path = LocationService.swift; sourceTree = "<group>"; };
		878C03782F68A8C00016D38A /* SpotLightService.swift */ = {isa = PBXFileReference; lastKnownFileType = sourcecode.swift; path = SpotLightService.swift; sourceTree = "<group>"; };
		878C037A2F6F228B0016D38A /* LocationSearchView.swift */ = {isa = PBXFileReference; lastKnownFileType = sourcecode.swift; path = LocationSearchView.swift; sourceTree = "<group>"; };
		878C037C2F6F940A0016D38A /* GroceryModeView.swift */ = {isa = PBXFileReference; lastKnownFileType = sourcecode.swift; path = GroceryModeView.swift; sourceTree = "<group>"; };
		878C037E2F6F9F100016D38A /* GroceryList.swift */ = {isa = PBXFileReference; lastKnownFileType = sourcecode.swift; path = GroceryList.swift; sourceTree = "<group>"; };
		878C03802F737F7A0016D38A /* TravelConfirmationParser.swift */ = {isa = PBXFileReference; lastKnownFileType = sourcecode.swift; path = TravelConfirmationParser.swift; sourceTree = "<group>"; };
		879CB27C2FB8F01B00CA1494 /* .env */ = {isa = PBXFileReference; lastKnownFileType = text; path = .env; sourceTree = "<group>"; };
		879E5B2D2F8C93330017738D /* RecipeBuilderView.swift */ = {isa = PBXFileReference; lastKnownFileType = sourcecode.swift; path = RecipeBuilderView.swift; sourceTree = "<group>"; };
		87A1B2C3D4E5F6A7B8C9D100 /* RecipeInstructionEditorView.swift */ = {isa = PBXFileReference; lastKnownFileType = sourcecode.swift; path = RecipeInstructionEditorView.swift; sourceTree = "<group>"; };
		87AB74CA2FC0A0760065A2D6 /* OrcaWidgetExtension.appex */ = {isa = PBXFileReference; explicitFileType = "wrapper.app-extension"; includeInIndex = 0; path = OrcaWidgetExtension.appex; sourceTree = BUILT_PRODUCTS_DIR; };
		87AB74DE2FC0A2FA0065A2D6 /* OrcaWidgetExtension.entitlements */ = {isa = PBXFileReference; lastKnownFileType = text.plist.entitlements; path = OrcaWidgetExtension.entitlements; sourceTree = "<group>"; };
		87AB74DF2FC0AE2B0065A2D6 /* OrcaWidgetExtensionDebug.entitlements */ = {isa = PBXFileReference; lastKnownFileType = text.plist.entitlements; path = OrcaWidgetExtensionDebug.entitlements; sourceTree = "<group>"; };
		87BBD7A42F805A4200CB8A33 /* WeatherDetailView.swift */ = {isa = PBXFileReference; lastKnownFileType = sourcecode.swift; path = WeatherDetailView.swift; sourceTree = "<group>"; };
		87CD0ADE2F5236DA00CAAB4D /* TodayView.swift */ = {isa = PBXFileReference; lastKnownFileType = sourcecode.swift; path = TodayView.swift; sourceTree = "<group>"; };
		87CD0AE32F52990400CAAB4D /* SupabaseManager.swift */ = {isa = PBXFileReference; lastKnownFileType = sourcecode.swift; path = SupabaseManager.swift; sourceTree = "<group>"; };
		87CD0AE62F52995300CAAB4D /* AuthView.swift */ = {isa = PBXFileReference; lastKnownFileType = sourcecode.swift; path = AuthView.swift; sourceTree = "<group>"; };
		87CD0AED2F57300500CAAB4D /* PhotoCaptureView.swift */ = {isa = PBXFileReference; lastKnownFileType = sourcecode.swift; path = PhotoCaptureView.swift; sourceTree = "<group>"; };
		87CD0AEF2F57357300CAAB4D /* OrcaShortcuts.swift */ = {isa = PBXFileReference; lastKnownFileType = sourcecode.swift; path = OrcaShortcuts.swift; sourceTree = "<group>"; };
		87CD0AF12F57443300CAAB4D /* SubTask.swift */ = {isa = PBXFileReference; lastKnownFileType = sourcecode.swift; path = SubTask.swift; sourceTree = "<group>"; };
		87CD0AF32F576FC300CAAB4D /* RecipeExtractor.swift */ = {isa = PBXFileReference; lastKnownFileType = sourcecode.swift; path = RecipeExtractor.swift; sourceTree = "<group>"; };
		87CD0AF52F578BC200CAAB4D /* ManageEchosView.swift */ = {isa = PBXFileReference; lastKnownFileType = sourcecode.swift; path = ManageEchosView.swift; sourceTree = "<group>"; };
		87CD0AFC2F59311F00CAAB4D /* SupabaseSyncServices.swift */ = {isa = PBXFileReference; lastKnownFileType = sourcecode.swift; path = SupabaseSyncServices.swift; sourceTree = "<group>"; };
		894410E66040486FB43DCB22 /* SharedEventDetailView.swift */ = {isa = PBXFileReference; lastKnownFileType = sourcecode.swift; path = SharedEventDetailView.swift; sourceTree = "<group>"; };
		A1B2C3D4E5F6A7B8C9D0E1F2 /* GiftQuickActionView.swift */ = {isa = PBXFileReference; lastKnownFileType = sourcecode.swift; path = GiftQuickActionView.swift; sourceTree = "<group>"; };
		A1B2C3D4E5F6A7B8C9D0E2F0 /* TMDBService.swift */ = {isa = PBXFileReference; lastKnownFileType = sourcecode.swift; path = TMDBService.swift; sourceTree = "<group>"; };
		A1B2C3D4E5F6A7B8C9D0E3F0 /* MediaDetailSheet.swift */ = {isa = PBXFileReference; lastKnownFileType = sourcecode.swift; path = MediaDetailSheet.swift; sourceTree = "<group>"; };
		A1B2C3D4E5F6A7B8C9D0E4F0 /* TCGCard.swift */ = {isa = PBXFileReference; lastKnownFileType = sourcecode.swift; path = TCGCard.swift; sourceTree = "<group>"; };
		A1B2C3D4E5F6A7B8C9D0E5F0 /* PokemonTCGService.swift */ = {isa = PBXFileReference; lastKnownFileType = sourcecode.swift; path = PokemonTCGService.swift; sourceTree = "<group>"; };
		A1B2C3D4E5F6A7B8C9D0E6F0 /* TCGView.swift */ = {isa = PBXFileReference; lastKnownFileType = sourcecode.swift; path = TCGView.swift; sourceTree = "<group>"; };
		A1B2C3D4E5F6A7B8C9D0E7F0 /* TCGSearchView.swift */ = {isa = PBXFileReference; lastKnownFileType = sourcecode.swift; path = TCGSearchView.swift; sourceTree = "<group>"; };
		A1B2C3D4E5F6A7B8C9D0E8F0 /* TCGCardDetailSheet.swift */ = {isa = PBXFileReference; lastKnownFileType = sourcecode.swift; path = TCGCardDetailSheet.swift; sourceTree = "<group>"; };
		A1B2C3D4E5F6A7B8C9D0E9F0 /* TCGSetBrowserView.swift */ = {isa = PBXFileReference; lastKnownFileType = sourcecode.swift; path = TCGSetBrowserView.swift; sourceTree = "<group>"; };
		A1B2C3D4E5F6A7B8C9D0EAF0 /* TCGSetDetailView.swift */ = {isa = PBXFileReference; lastKnownFileType = sourcecode.swift; path = TCGSetDetailView.swift; sourceTree = "<group>"; };
		A1B2C3D4E5F6A7B8C9D0EBF0 /* SmiskiData.swift */ = {isa = PBXFileReference; lastKnownFileType = sourcecode.swift; path = SmiskiData.swift; sourceTree = "<group>"; };
		A1B2C3D4E5F6A7B8C9D0ECF0 /* SmiskiItem.swift */ = {isa = PBXFileReference; lastKnownFileType = sourcecode.swift; path = SmiskiItem.swift; sourceTree = "<group>"; };
		A1B2C3D4E5F6A7B8C9D0EDF0 /* SmiskiView.swift */ = {isa = PBXFileReference; lastKnownFileType = sourcecode.swift; path = SmiskiView.swift; sourceTree = "<group>"; };
		A1B2C3D4E5F6A7B8C9D0EEF0 /* LegoSet.swift */ = {isa = PBXFileReference; lastKnownFileType = sourcecode.swift; path = LegoSet.swift; sourceTree = "<group>"; };
		A1B2C3D4E5F6A7B8C9D0EFF0 /* RebrickableService.swift */ = {isa = PBXFileReference; lastKnownFileType = sourcecode.swift; path = RebrickableService.swift; sourceTree = "<group>"; };
		A1B2C3D4E5F6A7B8C9D0F0F0 /* LegoView.swift */ = {isa = PBXFileReference; lastKnownFileType = sourcecode.swift; path = LegoView.swift; sourceTree = "<group>"; };
		AA01B1102F9A000100CA1001 /* CalendarService.swift */ = {isa = PBXFileReference; lastKnownFileType = sourcecode.swift; path = CalendarService.swift; sourceTree = "<group>"; };
		AA02C1002FAB000100A10001 /* AppleIntelligenceService.swift */ = {isa = PBXFileReference; lastKnownFileType = sourcecode.swift; path = AppleIntelligenceService.swift; sourceTree = "<group>"; };
		B5E027962775488B95900143 /* SharedSpacesHubView.swift */ = {isa = PBXFileReference; lastKnownFileType = sourcecode.swift; path = SharedSpacesHubView.swift; sourceTree = "<group>"; };
		B92EF8EC96EE4A21951BE9DC /* SharedSpace.swift */ = {isa = PBXFileReference; lastKnownFileType = sourcecode.swift; path = SharedSpace.swift; sourceTree = "<group>"; };
		BAA6770445784A249FC6295F /* SharedSpaceSyncService.swift */ = {isa = PBXFileReference; lastKnownFileType = sourcecode.swift; path = SharedSpaceSyncService.swift; sourceTree = "<group>"; };
		CB38421D0E414BE8B1B1CB3F /* InvitePartnerView.swift */ = {isa = PBXFileReference; lastKnownFileType = sourcecode.swift; path = InvitePartnerView.swift; sourceTree = "<group>"; };
/* End PBXFileReference section */

/* Begin PBXFileSystemSynchronizedBuildFileExceptionSet section */
		872F725C2F4FD021000A4AE3 /* Exceptions for "Orca" folder in "Orca" target */ = {
			isa = PBXFileSystemSynchronizedBuildFileExceptionSet;
			membershipExceptions = (
				Info.plist,
			);
			target = 873C1B5A2F4EA59D0058324F /* Orca */;
		};
		87AB74DD2FC0A0770065A2D6 /* Exceptions for "OrcaWidget" folder in "OrcaWidgetExtension" target */ = {
			isa = PBXFileSystemSynchronizedBuildFileExceptionSet;
			membershipExceptions = (
				Info.plist,
			);
			target = 87AB74C92FC0A0760065A2D6 /* OrcaWidgetExtension */;
		};
/* End PBXFileSystemSynchronizedBuildFileExceptionSet section */

/* Begin PBXFileSystemSynchronizedRootGroup section */
		873C1B5D2F4EA59D0058324F /* Orca */ = {
			isa = PBXFileSystemSynchronizedRootGroup;
			exceptions = (
				872F725C2F4FD021000A4AE3 /* Exceptions for "Orca" folder in "Orca" target */,
			);
			path = Orca;
			sourceTree = "<group>";
		};
		873C1B6D2F4EA59E0058324F /* OrcaTests */ = {
			isa = PBXFileSystemSynchronizedRootGroup;
			path = OrcaTests;
			sourceTree = "<group>";
		};
		873C1B772F4EA59E0058324F /* OrcaUITests */ = {
			isa = PBXFileSystemSynchronizedRootGroup;
			path = OrcaUITests;
			sourceTree = "<group>";
		};
		87AB74CD2FC0A0760065A2D6 /* OrcaWidget */ = {
			isa = PBXFileSystemSynchronizedRootGroup;
			exceptions = (
				87AB74DD2FC0A0770065A2D6 /* Exceptions for "OrcaWidget" folder in "OrcaWidgetExtension" target */,
			);
			path = OrcaWidget;
			sourceTree = "<group>";
		};
		87BBD7782F7A121900CB8A33 /* People */ = {
			isa = PBXFileSystemSynchronizedRootGroup;
			path = People;
			sourceTree = "<group>";
		};
/* End PBXFileSystemSynchronizedRootGroup section */

/* Begin PBXFrameworksBuildPhase section */
		873C1B582F4EA59D0058324F /* Frameworks */ = {
			isa = PBXFrameworksBuildPhase;
			buildActionMask = 2147483647;
			files = (
				87CD0AFA2F57D99A00CAAB4D /* Mixpanel in Frameworks */,
				87CD0AEA2F529B4700CAAB4D /* Supabase in Frameworks */,
			);
			runOnlyForDeploymentPostprocessing = 0;
		};
		873C1B672F4EA59E0058324F /* Frameworks */ = {
			isa = PBXFrameworksBuildPhase;
			buildActionMask = 2147483647;
			files = (
			);
			runOnlyForDeploymentPostprocessing = 0;
		};
		873C1B712F4EA59E0058324F /* Frameworks */ = {
			isa = PBXFrameworksBuildPhase;
			buildActionMask = 2147483647;
			files = (
			);
			runOnlyForDeploymentPostprocessing = 0;
		};
		87AB74C72FC0A0760065A2D6 /* Frameworks */ = {
			isa = PBXFrameworksBuildPhase;
			buildActionMask = 2147483647;
			files = (
				87AB74CC2FC0A0760065A2D6 /* SwiftUI.framework in Frameworks */,
				87AB74CB2FC0A0760065A2D6 /* WidgetKit.framework in Frameworks */,
			);
			runOnlyForDeploymentPostprocessing = 0;
		};
/* End PBXFrameworksBuildPhase section */

/* Begin PBXGroup section */
		873C1B522F4EA59D0058324F = {
			isa = PBXGroup;
			children = (
				87AB74DF2FC0AE2B0065A2D6 /* OrcaWidgetExtensionDebug.entitlements */,
				87AB74DE2FC0A2FA0065A2D6 /* OrcaWidgetExtension.entitlements */,
				8788DA3F2FB2BA57004DD77D /* AI */,
				87BBD7782F7A121900CB8A33 /* People */,
				873C1B902F4EB2D70058324F /* Resources */,
				873C1B8F2F4EB2C80058324F /* Components */,
				873C1B8D2F4EB2A60058324F /* Services */,
				873C1B8C2F4EB2A00058324F /* Views */,
				873C1B8A2F4EB2850058324F /* Models */,
				873C1B872F4EAB880058324F /* App */,
				873C1B5D2F4EA59D0058324F /* Orca */,
				873C1B6D2F4EA59E0058324F /* OrcaTests */,
				873C1B772F4EA59E0058324F /* OrcaUITests */,
				87AB74CD2FC0A0760065A2D6 /* OrcaWidget */,
				87CD0AE82F529B4700CAAB4D /* Frameworks */,
				873C1B5C2F4EA59D0058324F /* Products */,
				879CB27C2FB8F01B00CA1494 /* .env */,
			);
			sourceTree = "<group>";
		};
		873C1B5C2F4EA59D0058324F /* Products */ = {
			isa = PBXGroup;
			children = (
				873C1B5B2F4EA59D0058324F /* Orca.app */,
				873C1B6A2F4EA59E0058324F /* OrcaTests.xctest */,
				873C1B742F4EA59E0058324F /* OrcaUITests.xctest */,
				87AB74CA2FC0A0760065A2D6 /* OrcaWidgetExtension.appex */,
			);
			name = Products;
			sourceTree = "<group>";
		};
		873C1B872F4EAB880058324F /* App */ = {
			isa = PBXGroup;
			children = (
				873C1B9F2F4EB4260058324F /* ContentView.swift */,
				872F72292F4ED482000A4AE3 /* OrcaApp.swift */,
			);
			path = App;
			sourceTree = "<group>";
		};
		873C1B8A2F4EB2850058324F /* Models */ = {
			isa = PBXGroup;
			children = (
				878C037E2F6F9F100016D38A /* GroceryList.swift */,
				87CD0AF12F57443300CAAB4D /* SubTask.swift */,
				B92EF8EC96EE4A21951BE9DC /* SharedSpace.swift */,
				35DA8A35C3014ACB9B38725E /* ThoughtTab.swift */,
				873C1BA22F4EB4440058324F /* Ping.swift */,
				873C1BA12F4EB43E0058324F /* Echo.swift */,
				873C1BA02F4EB4350058324F /* Memory.swift */,
			);
			path = Models;
			sourceTree = "<group>";
		};
		873C1B8C2F4EB2A00058324F /* Views */ = {
			isa = PBXGroup;
			children = (
				87CD0AE02F5236E300CAAB4D /* Today */,
				873C1BAA2F4EB4840058324F /* Shared */,
				873C1BA92F4EB47D0058324F /* Settings */,
				873C1BA82F4EB4770058324F /* Auth */,
				873C1BA72F4EB46D0058324F /* Onboarding */,
				873C1BA62F4EB4640058324F /* Calendar */,
				873C1BA52F4EB45E0058324F /* Search */,
				873C1BA42F4EB4580058324F /* Drop */,
				873C1BA32F4EB44E0058324F /* Dashboard */,
			);
			path = Views;
			sourceTree = "<group>";
		};
		873C1B8D2F4EB2A60058324F /* Services */ = {
			isa = PBXGroup;
			children = (
				8788DA282FA3B0D3004DD77D /* WatchModeView.swift */,
				A1B2C3D4E5F6A7B8C9D0E2F0 /* TMDBService.swift */,
				A1B2C3D4E5F6A7B8C9D0E3F0 /* MediaDetailSheet.swift */,
				A1B2C3D4E5F6A7B8C9D0E4F0 /* TCGCard.swift */,
				A1B2C3D4E5F6A7B8C9D0E5F0 /* PokemonTCGService.swift */,
				A1B2C3D4E5F6A7B8C9D0E6F0 /* TCGView.swift */,
				A1B2C3D4E5F6A7B8C9D0E7F0 /* TCGSearchView.swift */,
				A1B2C3D4E5F6A7B8C9D0E8F0 /* TCGCardDetailSheet.swift */,
				A1B2C3D4E5F6A7B8C9D0E9F0 /* TCGSetBrowserView.swift */,
				A1B2C3D4E5F6A7B8C9D0EAF0 /* TCGSetDetailView.swift */,
				A1B2C3D4E5F6A7B8C9D0EBF0 /* SmiskiData.swift */,
				A1B2C3D4E5F6A7B8C9D0ECF0 /* SmiskiItem.swift */,
				A1B2C3D4E5F6A7B8C9D0EDF0 /* SmiskiView.swift */,
				A1B2C3D4E5F6A7B8C9D0EEF0 /* LegoSet.swift */,
				A1B2C3D4E5F6A7B8C9D0EFF0 /* RebrickableService.swift */,
				A1B2C3D4E5F6A7B8C9D0F0F0 /* LegoView.swift */,
				8788DA262FA3B0B5004DD77D /* WatchListItem.swift */,
				87BBD7A42F805A4200CB8A33 /* WeatherDetailView.swift */,
				8729F53B2F789CA800B58E0B /* WorkoutSessionManager.swift */,
				8729F52B2F7881EA00B58E0B /* WorkoutParser.swift */,
				8729F5272F7727C000B58E0B /* FinanceService.swift */,
				878C03802F737F7A0016D38A /* TravelConfirmationParser.swift */,
				878C03782F68A8C00016D38A /* SpotLightService.swift */,
				878C03762F6898B40016D38A /* LocationService.swift */,
				878C03742F68988D0016D38A /* WeatherService.swift */,
				87CD0AFC2F59311F00CAAB4D /* SupabaseSyncServices.swift */,
				BAA6770445784A249FC6295F /* SharedSpaceSyncService.swift */,
				AA01B1102F9A000100CA1001 /* CalendarService.swift */,
				87CD0AEF2F57357300CAAB4D /* OrcaShortcuts.swift */,
				87CD0AE32F52990400CAAB4D /* SupabaseManager.swift */,
				873C1B9E2F4EB40A0058324F /* AnalyticsService.swift */,
				873C1B9C2F4EB3F30058324F /* AuthService.swift */,
				873C1B9B2F4EB3E60058324F /* NotifcationService.swift */,
				873C1B9A2F4EB3DF0058324F /* AudioService.swift */,
				87CD0AF32F576FC300CAAB4D /* RecipeExtractor.swift */,
				784F83020862420ABC203C97 /* MealDBService.swift */,
				3CA5165992CA4D5EADE9D002 /* RecipeImportService.swift */,
				873C1B992F4EB3CE0058324F /* SonarEngine.swift */,
			);
			path = Services;
			sourceTree = "<group>";
		};
		873C1B8F2F4EB2C80058324F /* Components */ = {
			isa = PBXGroup;
			children = (
				873C1B982F4EB3B60058324F /* PingCard.swift */,
				873C1B972F4EB3AA0058324F /* EchoBadge.swift */,
				873C1B952F4EB3890058324F /* DropButton.swift */,
				873C1B942F4EB3790058324F /* FinIcon.swift */,
			);
			path = Components;
			sourceTree = "<group>";
		};
		873C1B902F4EB2D70058324F /* Resources */ = {
			isa = PBXGroup;
			children = (
				873C1B932F4EB2FB0058324F /* Config.swift */,
				872F72262F4ED482000A4AE3 /* Assets.xcassets */,
				873C1B922F4EB2F40058324F /* Colors.swift */,
				872F72472F4FCF15000A4AE3 /* InstrumentSans-Italic-VariableFont_wdth,wght.ttf */,
				872F72492F4FCF21000A4AE3 /* InstrumentSans-VariableFont_wdth,wght.ttf */,
				872F724B2F4FCF33000A4AE3 /* DMSans-Italic-VariableFont_opsz,wght.ttf */,
				872F724C2F4FCF33000A4AE3 /* DMSans-VariableFont_opsz,wght.ttf */,
				872F724F2F4FCF41000A4AE3 /* DMMono-Italic.ttf */,
				872F72502F4FCF41000A4AE3 /* DMMono-Light.ttf */,
				872F72512F4FCF41000A4AE3 /* DMMono-LightItalic.ttf */,
				872F72522F4FCF41000A4AE3 /* DMMono-Medium.ttf */,
				872F72532F4FCF41000A4AE3 /* DMMono-MediumItalic.ttf */,
				872F72542F4FCF41000A4AE3 /* DMMono-Regular.ttf */,
			);
			path = Resources;
			sourceTree = "<group>";
		};
		873C1BA32F4EB44E0058324F /* Dashboard */ = {
			isa = PBXGroup;
			children = (
				872F72372F4F237F000A4AE3 /* UpcomingCard.swift */,
				872F72362F4F236F000A4AE3 /* EchoDetailView.swift */,
				872F72352F4F2365000A4AE3 /* EchoBubbleView.swift */,
				872F72342F4F2356000A4AE3 /* DashboardView.swift */,
			);
			path = Dashboard;
			sourceTree = "<group>";
		};
		873C1BA42F4EB4580058324F /* Drop */ = {
			isa = PBXGroup;
			children = (
				8788DA242FA37EBB004DD77D /* SonarAnimationView.swift */,
				879E5B2D2F8C93330017738D /* RecipeBuilderView.swift */,
				87A1B2C3D4E5F6A7B8C9D100 /* RecipeInstructionEditorView.swift */,
				878C03722F67A67E0016D38A /* RecipeCaptureView.swift */,
				87CD0AED2F57300500CAAB4D /* PhotoCaptureView.swift */,
				872F726E2F4FF50B000A4AE3 /* TypeCaptureView.swift */,
				872F723A2F4F23AB000A4AE3 /* CaptureDrawerView.swift */,
				872F72392F4F23A0000A4AE3 /* ConfirmBannerView.swift */,
				872F72382F4F2399000A4AE3 /* DropOverlayView.swift */,
			);
			path = Drop;
			sourceTree = "<group>";
		};
		873C1BA52F4EB45E0058324F /* Search */ = {
			isa = PBXGroup;
			children = (
				872F723D2F4F23C7000A4AE3 /* BrowseAllView.swift */,
				872F723B2F4F23BA000A4AE3 /* SearchView.swift */,
			);
			path = Search;
			sourceTree = "<group>";
		};
		873C1BA62F4EB4640058324F /* Calendar */ = {
			isa = PBXGroup;
			children = (
				8788DA222F96F213004DD77D /* EchoColors.swift */,
				8788DA202F96F1EF004DD77D /* DurationParser.swift */,
				872F723E2F4F23D1000A4AE3 /* CalendarTabView.swift */,
			);
			path = Calendar;
			sourceTree = "<group>";
		};
		873C1BA72F4EB46D0058324F /* Onboarding */ = {
			isa = PBXGroup;
			children = (
				872F72412F4F23E7000A4AE3 /* OnboardingFlow.swift */,
			);
			path = Onboarding;
			sourceTree = "<group>";
		};
		873C1BA82F4EB4770058324F /* Auth */ = {
			isa = PBXGroup;
			children = (
				87CD0AE62F52995300CAAB4D /* AuthView.swift */,
			);
			path = Auth;
			sourceTree = "<group>";
		};
		873C1BA92F4EB47D0058324F /* Settings */ = {
			isa = PBXGroup;
			children = (
				87CD0AF52F578BC200CAAB4D /* ManageEchosView.swift */,
				872F72442F4F240A000A4AE3 /* SettingsView.swift */,
			);
			path = Settings;
			sourceTree = "<group>";
		};
		873C1BAA2F4EB4840058324F /* Shared */ = {
			isa = PBXGroup;
			children = (
				8729F5392F7883F200B58E0B /* TravelDetailBlock.swift */,
				8729F5372F7882E700B58E0B /* FinanceDetailBlock.swift */,
				8729F5312F78829A00B58E0B /* QuickLogView.swift */,
				8729F52F2F78828400B58E0B /* WorkoutEchoView.swift */,
				72E850EBA51B4FA389A321C6 /* WorkoutModeView.swift */,
				276A05743BF74E6486DC3BC3 /* ThoughtsView.swift */,
				6E9EBA5833A045DDA182CE6C /* SharedSpaceView.swift */,
				B5E027962775488B95900143 /* SharedSpacesHubView.swift */,
				894410E66040486FB43DCB22 /* SharedEventDetailView.swift */,
				CB38421D0E414BE8B1B1CB3F /* InvitePartnerView.swift */,
				8729F52D2F78826900B58E0B /* WorkoutDetailBlock.swift */,
				8729F5292F7727DB00B58E0B /* FinanceEchoView.swift */,
				878C037C2F6F940A0016D38A /* GroceryModeView.swift */,
				A1B2C3D4E5F6A7B8C9D0E1F2 /* GiftQuickActionView.swift */,
				878C037A2F6F228B0016D38A /* LocationSearchView.swift */,
				872F72702F4FF9A9000A4AE3 /* MemoryEditView.swift */,
				872F72452F4F2417000A4AE3 /* MemoryDetailView.swift */,
			);
			path = Shared;
			sourceTree = "<group>";
		};
		8788DA3F2FB2BA57004DD77D /* AI */ = {
			isa = PBXGroup;
			children = (
				AA02C1002FAB000100A10001 /* AppleIntelligenceService.swift */,
			);
			path = AI;
			sourceTree = "<group>";
		};
		87CD0AE02F5236E300CAAB4D /* Today */ = {
			isa = PBXGroup;
			children = (
				87CD0ADE2F5236DA00CAAB4D /* TodayView.swift */,
			);
			path = Today;
			sourceTree = "<group>";
		};
		87CD0AE82F529B4700CAAB4D /* Frameworks */ = {
			isa = PBXGroup;
			children = (
				878C03562F63B8BE0016D38A /* WidgetKit.framework */,
				878C03582F63B8BE0016D38A /* SwiftUI.framework */,
			);
			name = Frameworks;
			sourceTree = "<group>";
		};
/* End PBXGroup section */

/* Begin PBXNativeTarget section */
		873C1B5A2F4EA59D0058324F /* Orca */ = {
			isa = PBXNativeTarget;
			buildConfigurationList = 873C1B7E2F4EA59E0058324F /* Build configuration list for PBXNativeTarget "Orca" */;
			buildPhases = (
				873C1B572F4EA59D0058324F /* Sources */,
				873C1B582F4EA59D0058324F /* Frameworks */,
				873C1B592F4EA59D0058324F /* Resources */,
				878C036B2F63B8BF0016D38A /* Embed Foundation Extensions */,
			);
			buildRules = (
			);
			dependencies = (
				87AB74D82FC0A0770065A2D6 /* PBXTargetDependency */,
			);
			fileSystemSynchronizedGroups = (
				873C1B5D2F4EA59D0058324F /* Orca */,
				87BBD7782F7A121900CB8A33 /* People */,
			);
			name = Orca;
			packageProductDependencies = (
				87CD0AE92F529B4700CAAB4D /* Supabase */,
				87CD0AF92F57D99A00CAAB4D /* Mixpanel */,
			);
			productName = Orca;
			productReference = 873C1B5B2F4EA59D0058324F /* Orca.app */;
			productType = "com.apple.product-type.application";
		};
		873C1B692F4EA59E0058324F /* OrcaTests */ = {
			isa = PBXNativeTarget;
			buildConfigurationList = 873C1B812F4EA59E0058324F /* Build configuration list for PBXNativeTarget "OrcaTests" */;
			buildPhases = (
				873C1B662F4EA59E0058324F /* Sources */,
				873C1B672F4EA59E0058324F /* Frameworks */,
				873C1B682F4EA59E0058324F /* Resources */,
			);
			buildRules = (
			);
			dependencies = (
				873C1B6C2F4EA59E0058324F /* PBXTargetDependency */,
			);
			fileSystemSynchronizedGroups = (
				873C1B6D2F4EA59E0058324F /* OrcaTests */,
			);
			name = OrcaTests;
			packageProductDependencies = (
			);
			productName = OrcaTests;
			productReference = 873C1B6A2F4EA59E0058324F /* OrcaTests.xctest */;
			productType = "com.apple.product-type.bundle.unit-test";
		};
		873C1B732F4EA59E0058324F /* OrcaUITests */ = {
			isa = PBXNativeTarget;
			buildConfigurationList = 873C1B842F4EA59E0058324F /* Build configuration list for PBXNativeTarget "OrcaUITests" */;
			buildPhases = (
				873C1B702F4EA59E0058324F /* Sources */,
				873C1B712F4EA59E0058324F /* Frameworks */,
				873C1B722F4EA59E0058324F /* Resources */,
			);
			buildRules = (
			);
			dependencies = (
				873C1B762F4EA59E0058324F /* PBXTargetDependency */,
			);
			fileSystemSynchronizedGroups = (
				873C1B772F4EA59E0058324F /* OrcaUITests */,
			);
			name = OrcaUITests;
			packageProductDependencies = (
			);
			productName = OrcaUITests;
			productReference = 873C1B742F4EA59E0058324F /* OrcaUITests.xctest */;
			productType = "com.apple.product-type.bundle.ui-testing";
		};
		87AB74C92FC0A0760065A2D6 /* OrcaWidgetExtension */ = {
			isa = PBXNativeTarget;
			buildConfigurationList = 87AB74DA2FC0A0770065A2D6 /* Build configuration list for PBXNativeTarget "OrcaWidgetExtension" */;
			buildPhases = (
				87AB74C62FC0A0760065A2D6 /* Sources */,
				87AB74C72FC0A0760065A2D6 /* Frameworks */,
				87AB74C82FC0A0760065A2D6 /* Resources */,
			);
			buildRules = (
			);
			dependencies = (
			);
			fileSystemSynchronizedGroups = (
				87AB74CD2FC0A0760065A2D6 /* OrcaWidget */,
			);
			name = OrcaWidgetExtension;
			packageProductDependencies = (
			);
			productName = OrcaWidgetExtension;
			productReference = 87AB74CA2FC0A0760065A2D6 /* OrcaWidgetExtension.appex */;
			productType = "com.apple.product-type.app-extension";
		};
/* End PBXNativeTarget section */

/* Begin PBXProject section */
		873C1B532F4EA59D0058324F /* Project object */ = {
			isa = PBXProject;
			attributes = {
				BuildIndependentTargetsInParallel = 1;
				LastSwiftUpdateCheck = 2650;
				LastUpgradeCheck = 2620;
				TargetAttributes = {
					873C1B5A2F4EA59D0058324F = {
						CreatedOnToolsVersion = 26.2;
					};
					873C1B692F4EA59E0058324F = {
						CreatedOnToolsVersion = 26.2;
						TestTargetID = 873C1B5A2F4EA59D0058324F;
					};
					873C1B732F4EA59E0058324F = {
						CreatedOnToolsVersion = 26.2;
						TestTargetID = 873C1B5A2F4EA59D0058324F;
					};
					87AB74C92FC0A0760065A2D6 = {
						CreatedOnToolsVersion = 26.5;
					};
				};
			};
			buildConfigurationList = 873C1B562F4EA59D0058324F /* Build configuration list for PBXProject "Orca" */;
			developmentRegion = en;
			hasScannedForEncodings = 0;
			knownRegions = (
				en,
				Base,
			);
			mainGroup = 873C1B522F4EA59D0058324F;
			minimizedProjectReferenceProxies = 1;
			packageReferences = (
				87CD0AE22F52928600CAAB4D /* XCRemoteSwiftPackageReference "supabase-swift" */,
				87CD0AF82F57D99A00CAAB4D /* XCRemoteSwiftPackageReference "mixpanel-swift" */,
			);
			preferredProjectObjectVersion = 77;
			productRefGroup = 873C1B5C2F4EA59D0058324F /* Products */;
			projectDirPath = "";
			projectRoot = "";
			targets = (
				873C1B5A2F4EA59D0058324F /* Orca */,
				873C1B692F4EA59E0058324F /* OrcaTests */,
				873C1B732F4EA59E0058324F /* OrcaUITests */,
				87AB74C92FC0A0760065A2D6 /* OrcaWidgetExtension */,
			);
		};
/* End PBXProject section */

/* Begin PBXResourcesBuildPhase section */
		873C1B592F4EA59D0058324F /* Resources */ = {
			isa = PBXResourcesBuildPhase;
			buildActionMask = 2147483647;
			files = (
				872F724A2F4FCF21000A4AE3 /* InstrumentSans-VariableFont_wdth,wght.ttf in Resources */,
				872F722A2F4ED482000A4AE3 /* Assets.xcassets in Resources */,
				872F724D2F4FCF33000A4AE3 /* DMSans-VariableFont_opsz,wght.ttf in Resources */,
				879CB27D2FB8F02D00CA1494 /* .env in Resources */,
				872F724E2F4FCF33000A4AE3 /* DMSans-Italic-VariableFont_opsz,wght.ttf in Resources */,
				872F72482F4FCF15000A4AE3 /* InstrumentSans-Italic-VariableFont_wdth,wght.ttf in Resources */,
				872F72552F4FCF41000A4AE3 /* DMMono-MediumItalic.ttf in Resources */,
				872F72562F4FCF41000A4AE3 /* DMMono-Italic.ttf in Resources */,
				872F72572F4FCF41000A4AE3 /* DMMono-Medium.ttf in Resources */,
				872F72582F4FCF41000A4AE3 /* DMMono-Regular.ttf in Resources */,
				872F72592F4FCF41000A4AE3 /* DMMono-Light.ttf in Resources */,
				872F725A2F4FCF41000A4AE3 /* DMMono-LightItalic.ttf in Resources */,
			);
			runOnlyForDeploymentPostprocessing = 0;
		};
		873C1B682F4EA59E0058324F /* Resources */ = {
			isa = PBXResourcesBuildPhase;
			buildActionMask = 2147483647;
			files = (
			);
			runOnlyForDeploymentPostprocessing = 0;
		};
		873C1B722F4EA59E0058324F /* Resources */ = {
			isa = PBXResourcesBuildPhase;
			buildActionMask = 2147483647;
			files = (
			);
			runOnlyForDeploymentPostprocessing = 0;
		};
		87AB74C82FC0A0760065A2D6 /* Resources */ = {
			isa = PBXResourcesBuildPhase;
			buildActionMask = 2147483647;
			files = (
			);
			runOnlyForDeploymentPostprocessing = 0;
		};
/* End PBXResourcesBuildPhase section */

/* Begin PBXSourcesBuildPhase section */
		873C1B572F4EA59D0058324F /* Sources */ = {
			isa = PBXSourcesBuildPhase;
			buildActionMask = 2147483647;
			files = (
				872F72672F4FE728000A4AE3 /* EchoDetailView.swift in Sources */,
				872F72752F512601000A4AE3 /* SettingsView.swift in Sources */,
				87CD0AF02F57357500CAAB4D /* OrcaShortcuts.swift in Sources */,
				872F726C2F4FF148000A4AE3 /* ConfirmBannerView.swift in Sources */,
				8788DA292FA3B0D9004DD77D /* WatchModeView.swift in Sources */,
				A1B2C3D4E5F6A7B8C9D0E2F1 /* TMDBService.swift in Sources */,
				A1B2C3D4E5F6A7B8C9D0E3F1 /* MediaDetailSheet.swift in Sources */,
				A1B2C3D4E5F6A7B8C9D0E4F1 /* TCGCard.swift in Sources */,
				A1B2C3D4E5F6A7B8C9D0E5F1 /* PokemonTCGService.swift in Sources */,
				A1B2C3D4E5F6A7B8C9D0E6F1 /* TCGView.swift in Sources */,
				A1B2C3D4E5F6A7B8C9D0E7F1 /* TCGSearchView.swift in Sources */,
				A1B2C3D4E5F6A7B8C9D0E8F1 /* TCGCardDetailSheet.swift in Sources */,
				A1B2C3D4E5F6A7B8C9D0E9F1 /* TCGSetBrowserView.swift in Sources */,
				A1B2C3D4E5F6A7B8C9D0EAF1 /* TCGSetDetailView.swift in Sources */,
				A1B2C3D4E5F6A7B8C9D0EBF1 /* SmiskiData.swift in Sources */,
				A1B2C3D4E5F6A7B8C9D0ECF1 /* SmiskiItem.swift in Sources */,
				A1B2C3D4E5F6A7B8C9D0EDF1 /* SmiskiView.swift in Sources */,
				A1B2C3D4E5F6A7B8C9D0EEF1 /* LegoSet.swift in Sources */,
				A1B2C3D4E5F6A7B8C9D0EFF1 /* RebrickableService.swift in Sources */,
				A1B2C3D4E5F6A7B8C9D0F0F1 /* LegoView.swift in Sources */,
				8788DA272FA3B0B9004DD77D /* WatchListItem.swift in Sources */,
				872F725E2F4FDC7D000A4AE3 /* Echo.swift in Sources */,
				87CD0AEC2F55407D00CAAB4D /* NotifcationService.swift in Sources */,
				AA01B1112F9A000100CA1001 /* CalendarService.swift in Sources */,
				AA02C1012FAB000100A10001 /* AppleIntelligenceService.swift in Sources */,
				87CD0AF72F57930700CAAB4D /* OnboardingFlow.swift in Sources */,
				8788DA232F96F217004DD77D /* EchoColors.swift in Sources */,
				872F72722F51254C000A4AE3 /* UpcomingCard.swift in Sources */,
				872F72622F4FE4D1000A4AE3 /* DropButton.swift in Sources */,
				87CD0ADF2F5236DD00CAAB4D /* TodayView.swift in Sources */,
				872F72612F4FDE07000A4AE3 /* Colors.swift in Sources */,
				872F72712F4FF9B7000A4AE3 /* MemoryEditView.swift in Sources */,
				872F72652F4FE5D8000A4AE3 /* EchoBubbleView.swift in Sources */,
				8729F53C2F789CAA00B58E0B /* WorkoutSessionManager.swift in Sources */,
				87CD0AF42F576FCC00CAAB4D /* RecipeExtractor.swift in Sources */,
				FACA77F7FC9540CDB8130293 /* MealDBService.swift in Sources */,
				63BDF21486C84994AB881237 /* RecipeImportService.swift in Sources */,
				872F726B2F4FF0ED000A4AE3 /* SonarEngine.swift in Sources */,
				872F726F2F4FF511000A4AE3 /* TypeCaptureView.swift in Sources */,
				8729F5302F78828500B58E0B /* WorkoutEchoView.swift in Sources */,
				0E0B5CE042EB4F66A223A796 /* WorkoutModeView.swift in Sources */,
				EB965DF991AB49D7A6535285 /* SharedSpaceView.swift in Sources */,
				2E3DB8E3161F4ACCB16A8022 /* SharedSpacesHubView.swift in Sources */,
				EBEA33F619B04CD8BC00A521 /* SharedEventDetailView.swift in Sources */,
				BF52E9249DAA48CA9B4D5F0E /* InvitePartnerView.swift in Sources */,
				878C036F2F676FD70016D38A /* MemoryDetailView.swift in Sources */,
				8729F5282F7727C600B58E0B /* FinanceService.swift in Sources */,
				878C03732F67A67E0016D38A /* RecipeCaptureView.swift in Sources */,
				872F726A2F4FF0E0000A4AE3 /* AudioService.swift in Sources */,
				87CD0AFB2F57D9B100CAAB4D /* AnalyticsService.swift in Sources */,
				8729F5382F7882EB00B58E0B /* FinanceDetailBlock.swift in Sources */,
				878C03792F68A8D00016D38A /* SpotLightService.swift in Sources */,
				87CD0AF62F578BC300CAAB4D /* ManageEchosView.swift in Sources */,
				872F726D2F4FF4BC000A4AE3 /* CaptureDrawerView.swift in Sources */,
				872F72602F4FDDBC000A4AE3 /* ContentView.swift in Sources */,
				87CD0AEE2F57300700CAAB4D /* PhotoCaptureView.swift in Sources */,
				87CD0AFD2F59312F00CAAB4D /* SupabaseSyncServices.swift in Sources */,
				53EAA882FC7E4307A297C067 /* SharedSpaceSyncService.swift in Sources */,
				872F72682F4FE746000A4AE3 /* CalendarTabView.swift in Sources */,
				872F72642F4FE598000A4AE3 /* DashboardView.swift in Sources */,
				872F725D2F4FDC77000A4AE3 /* Ping.swift in Sources */,
				8788DA252FA37EC5004DD77D /* SonarAnimationView.swift in Sources */,
				878C03772F6898C10016D38A /* LocationService.swift in Sources */,
				8729F5322F78829F00B58E0B /* QuickLogView.swift in Sources */,
				87CD0AF22F57443700CAAB4D /* SubTask.swift in Sources */,
				872F725F2F4FDC8B000A4AE3 /* Memory.swift in Sources */,
				87CD0AE72F52996100CAAB4D /* AuthView.swift in Sources */,
				87CD0AE12F52917B00CAAB4D /* Config.swift in Sources */,
				87BBD7A52F805A4900CB8A33 /* WeatherDetailView.swift in Sources */,
				87CD0AE42F52992800CAAB4D /* AuthService.swift in Sources */,
				8729F53A2F7883F500B58E0B /* TravelDetailBlock.swift in Sources */,
				879E5B2E2F8C933D0017738D /* RecipeBuilderView.swift in Sources */,
				87A1B2C3D4E5F6A7B8C9D101 /* RecipeInstructionEditorView.swift in Sources */,
				872F72692F4FE759000A4AE3 /* DropOverlayView.swift in Sources */,
				872F72762F512770000A4AE3 /* BrowseAllView.swift in Sources */,
				878C037F2F6F9F160016D38A /* GroceryList.swift in Sources */,
				69E446DDE7464699BF9CDAE0 /* SharedSpace.swift in Sources */,
				867FB0F82B994B528E2B3B89 /* ThoughtTab.swift in Sources */,
				083C5E44278743C0B9AE4B0E /* ThoughtsView.swift in Sources */,
				872F72632F4FE581000A4AE3 /* FinIcon.swift in Sources */,
				8729F52E2F78826B00B58E0B /* WorkoutDetailBlock.swift in Sources */,
				878C03812F737F7D0016D38A /* TravelConfirmationParser.swift in Sources */,
				878C03752F6898970016D38A /* WeatherService.swift in Sources */,
				878C037B2F6F22920016D38A /* LocationSearchView.swift in Sources */,
				872F722D2F4ED482000A4AE3 /* OrcaApp.swift in Sources */,
				8729F52C2F7881F600B58E0B /* WorkoutParser.swift in Sources */,
				872F72662F4FE723000A4AE3 /* SearchView.swift in Sources */,
				8788DA212F96F1F7004DD77D /* DurationParser.swift in Sources */,
				8729F52A2F7727E000B58E0B /* FinanceEchoView.swift in Sources */,
				87CD0AE52F52992E00CAAB4D /* SupabaseManager.swift in Sources */,
				878C037D2F6F940C0016D38A /* GroceryModeView.swift in Sources */,
				A1B2C3D4E5F6A7B8C9D0E1F3 /* GiftQuickActionView.swift in Sources */,
			);
			runOnlyForDeploymentPostprocessing = 0;
		};
		873C1B662F4EA59E0058324F /* Sources */ = {
			isa = PBXSourcesBuildPhase;
			buildActionMask = 2147483647;
			files = (
			);
			runOnlyForDeploymentPostprocessing = 0;
		};
		873C1B702F4EA59E0058324F /* Sources */ = {
			isa = PBXSourcesBuildPhase;
			buildActionMask = 2147483647;
			files = (
			);
			runOnlyForDeploymentPostprocessing = 0;
		};
		87AB74C62FC0A0760065A2D6 /* Sources */ = {
			isa = PBXSourcesBuildPhase;
			buildActionMask = 2147483647;
			files = (
			);
			runOnlyForDeploymentPostprocessing = 0;
		};
/* End PBXSourcesBuildPhase section */

/* Begin PBXTargetDependency section */
		873C1B6C2F4EA59E0058324F /* PBXTargetDependency */ = {
			isa = PBXTargetDependency;
			target = 873C1B5A2F4EA59D0058324F /* Orca */;
			targetProxy = 873C1B6B2F4EA59E0058324F /* PBXContainerItemProxy */;
		};
		873C1B762F4EA59E0058324F /* PBXTargetDependency */ = {
			isa = PBXTargetDependency;
			target = 873C1B5A2F4EA59D0058324F /* Orca */;
			targetProxy = 873C1B752F4EA59E0058324F /* PBXContainerItemProxy */;
		};
		87AB74D82FC0A0770065A2D6 /* PBXTargetDependency */ = {
			isa = PBXTargetDependency;
			target = 87AB74C92FC0A0760065A2D6 /* OrcaWidgetExtension */;
			targetProxy = 87AB74D72FC0A0770065A2D6 /* PBXContainerItemProxy */;
		};
/* End PBXTargetDependency section */

/* Begin XCBuildConfiguration section */
		873C1B7C2F4EA59E0058324F /* Debug */ = {
			isa = XCBuildConfiguration;
			buildSettings = {
				ALWAYS_SEARCH_USER_PATHS = NO;
				ASSETCATALOG_COMPILER_GENERATE_SWIFT_ASSET_SYMBOL_EXTENSIONS = YES;
				CLANG_ANALYZER_NONNULL = YES;
				CLANG_ANALYZER_NUMBER_OBJECT_CONVERSION = YES_AGGRESSIVE;
				CLANG_CXX_LANGUAGE_STANDARD = "gnu++20";
				CLANG_ENABLE_MODULES = YES;
				CLANG_ENABLE_OBJC_ARC = YES;
				CLANG_ENABLE_OBJC_WEAK = YES;
				CLANG_WARN_BLOCK_CAPTURE_AUTORELEASING = YES;
				CLANG_WARN_BOOL_CONVERSION = YES;
				CLANG_WARN_COMMA = YES;
				CLANG_WARN_CONSTANT_CONVERSION = YES;
				CLANG_WARN_DEPRECATED_OBJC_IMPLEMENTATIONS = YES;
				CLANG_WARN_DIRECT_OBJC_ISA_USAGE = YES_ERROR;
				CLANG_WARN_DOCUMENTATION_COMMENTS = YES;
				CLANG_WARN_EMPTY_BODY = YES;
				CLANG_WARN_ENUM_CONVERSION = YES;
				CLANG_WARN_INFINITE_RECURSION = YES;
				CLANG_WARN_INT_CONVERSION = YES;
				CLANG_WARN_NON_LITERAL_NULL_CONVERSION = YES;
				CLANG_WARN_OBJC_IMPLICIT_RETAIN_SELF = YES;
				CLANG_WARN_OBJC_LITERAL_CONVERSION = YES;
				CLANG_WARN_OBJC_ROOT_CLASS = YES_ERROR;
				CLANG_WARN_QUOTED_INCLUDE_IN_FRAMEWORK_HEADER = YES;
				CLANG_WARN_RANGE_LOOP_ANALYSIS = YES;
				CLANG_WARN_STRICT_PROTOTYPES = YES;
				CLANG_WARN_SUSPICIOUS_MOVE = YES;
				CLANG_WARN_UNGUARDED_AVAILABILITY = YES_AGGRESSIVE;
				CLANG_WARN_UNREACHABLE_CODE = YES;
				CLANG_WARN__DUPLICATE_METHOD_MATCH = YES;
				COPY_PHASE_STRIP = NO;
				DEBUG_INFORMATION_FORMAT = dwarf;
				DEVELOPMENT_TEAM = NT9FS4SA62;
				ENABLE_STRICT_OBJC_MSGSEND = YES;
				ENABLE_TESTABILITY = YES;
				ENABLE_USER_SCRIPT_SANDBOXING = YES;
				GCC_C_LANGUAGE_STANDARD = gnu17;
				GCC_DYNAMIC_NO_PIC = NO;
				GCC_NO_COMMON_BLOCKS = YES;
				GCC_OPTIMIZATION_LEVEL = 0;
				GCC_PREPROCESSOR_DEFINITIONS = (
					"DEBUG=1",
					"$(inherited)",
				);
				GCC_WARN_64_TO_32_BIT_CONVERSION = YES;
				GCC_WARN_ABOUT_RETURN_TYPE = YES_ERROR;
				GCC_WARN_UNDECLARED_SELECTOR = YES;
				GCC_WARN_UNINITIALIZED_AUTOS = YES_AGGRESSIVE;
				GCC_WARN_UNUSED_FUNCTION = YES;
				GCC_WARN_UNUSED_VARIABLE = YES;
				LOCALIZATION_PREFERS_STRING_CATALOGS = YES;
				MTL_ENABLE_DEBUG_INFO = INCLUDE_SOURCE;
				MTL_FAST_MATH = YES;
				ONLY_ACTIVE_ARCH = YES;
				SWIFT_ACTIVE_COMPILATION_CONDITIONS = "DEBUG $(inherited)";
				SWIFT_OPTIMIZATION_LEVEL = "-Onone";
			};
			name = Debug;
		};
		873C1B7D2F4EA59E0058324F /* Release */ = {
			isa = XCBuildConfiguration;
			buildSettings = {
				ALWAYS_SEARCH_USER_PATHS = NO;
				ASSETCATALOG_COMPILER_GENERATE_SWIFT_ASSET_SYMBOL_EXTENSIONS = YES;
				CLANG_ANALYZER_NONNULL = YES;
				CLANG_ANALYZER_NUMBER_OBJECT_CONVERSION = YES_AGGRESSIVE;
				CLANG_CXX_LANGUAGE_STANDARD = "gnu++20";
				CLANG_ENABLE_MODULES = YES;
				CLANG_ENABLE_OBJC_ARC = YES;
				CLANG_ENABLE_OBJC_WEAK = YES;
				CLANG_WARN_BLOCK_CAPTURE_AUTORELEASING = YES;
				CLANG_WARN_BOOL_CONVERSION = YES;
				CLANG_WARN_COMMA = YES;
				CLANG_WARN_CONSTANT_CONVERSION = YES;
				CLANG_WARN_DEPRECATED_OBJC_IMPLEMENTATIONS = YES;
				CLANG_WARN_DIRECT_OBJC_ISA_USAGE = YES_ERROR;
				CLANG_WARN_DOCUMENTATION_COMMENTS = YES;
				CLANG_WARN_EMPTY_BODY = YES;
				CLANG_WARN_ENUM_CONVERSION = YES;
				CLANG_WARN_INFINITE_RECURSION = YES;
				CLANG_WARN_INT_CONVERSION = YES;
				CLANG_WARN_NON_LITERAL_NULL_CONVERSION = YES;
				CLANG_WARN_OBJC_IMPLICIT_RETAIN_SELF = YES;
				CLANG_WARN_OBJC_LITERAL_CONVERSION = YES;
				CLANG_WARN_OBJC_ROOT_CLASS = YES_ERROR;
				CLANG_WARN_QUOTED_INCLUDE_IN_FRAMEWORK_HEADER = YES;
				CLANG_WARN_RANGE_LOOP_ANALYSIS = YES;
				CLANG_WARN_STRICT_PROTOTYPES = YES;
				CLANG_WARN_SUSPICIOUS_MOVE = YES;
				CLANG_WARN_UNGUARDED_AVAILABILITY = YES_AGGRESSIVE;
				CLANG_WARN_UNREACHABLE_CODE = YES;
				CLANG_WARN__DUPLICATE_METHOD_MATCH = YES;
				COPY_PHASE_STRIP = NO;
				DEBUG_INFORMATION_FORMAT = "dwarf-with-dsym";
				DEVELOPMENT_TEAM = NT9FS4SA62;
				ENABLE_NS_ASSERTIONS = NO;
				ENABLE_STRICT_OBJC_MSGSEND = YES;
				ENABLE_USER_SCRIPT_SANDBOXING = YES;
				GCC_C_LANGUAGE_STANDARD = gnu17;
				GCC_NO_COMMON_BLOCKS = YES;
				GCC_WARN_64_TO_32_BIT_CONVERSION = YES;
				GCC_WARN_ABOUT_RETURN_TYPE = YES_ERROR;
				GCC_WARN_UNDECLARED_SELECTOR = YES;
				GCC_WARN_UNINITIALIZED_AUTOS = YES_AGGRESSIVE;
				GCC_WARN_UNUSED_FUNCTION = YES;
				GCC_WARN_UNUSED_VARIABLE = YES;
				LOCALIZATION_PREFERS_STRING_CATALOGS = YES;
				MTL_ENABLE_DEBUG_INFO = NO;
				MTL_FAST_MATH = YES;
				SWIFT_COMPILATION_MODE = wholemodule;
			};
			name = Release;
		};
		873C1B7F2F4EA59E0058324F /* Debug */ = {
			isa = XCBuildConfiguration;
			buildSettings = {
				ASSETCATALOG_COMPILER_APPICON_NAME = AppIcon;
				ASSETCATALOG_COMPILER_GLOBAL_ACCENT_COLOR_NAME = AccentColor;
				CODE_SIGN_ENTITLEMENTS = Orca/Orca.entitlements;
				CODE_SIGN_IDENTITY = "Apple Development";
				CODE_SIGN_STYLE = Automatic;
				CURRENT_PROJECT_VERSION = 2;
				DEVELOPMENT_TEAM = NT9FS4SA62;
				ENABLE_APP_SANDBOX = YES;
				ENABLE_HARDENED_RUNTIME = YES;
				ENABLE_INCOMING_NETWORK_CONNECTIONS = NO;
				ENABLE_OUTGOING_NETWORK_CONNECTIONS = YES;
				ENABLE_PREVIEWS = YES;
				ENABLE_RESOURCE_ACCESS_AUDIO_INPUT = NO;
				ENABLE_RESOURCE_ACCESS_BLUETOOTH = NO;
				ENABLE_RESOURCE_ACCESS_CALENDARS = NO;
				ENABLE_RESOURCE_ACCESS_CAMERA = NO;
				ENABLE_RESOURCE_ACCESS_CONTACTS = NO;
				ENABLE_RESOURCE_ACCESS_LOCATION = NO;
				ENABLE_RESOURCE_ACCESS_PRINTING = NO;
				ENABLE_RESOURCE_ACCESS_USB = NO;
				ENABLE_USER_SELECTED_FILES = readonly;
				GENERATE_INFOPLIST_FILE = YES;
				INFOPLIST_FILE = Orca/Info.plist;
				INFOPLIST_KEY_CFBundleDisplayName = "Orca DEV";
				INFOPLIST_KEY_LSApplicationCategoryType = "public.app-category.productivity";
				INFOPLIST_KEY_NSCameraUsageDescription = "Orca uses your camera to capture screenshots as memories";
				INFOPLIST_KEY_NSHumanReadableCopyright = "";
				INFOPLIST_KEY_NSLocationWhenInUseUsageDescription = "Orca uses your location to show local weather";
				INFOPLIST_KEY_NSMicrophoneUsageDescription = "Orca needs your Microphone to capture voice memories";
				INFOPLIST_KEY_NSPhotoLibraryUsageDescription = "Orca accesses your photos to capture screenshots as memories";
				INFOPLIST_KEY_NSSpeechRecognitionUsageDescription = "Orca uses speech recognition to transcribe your voice memories";
				"INFOPLIST_KEY_UIApplicationSceneManifest_Generation[sdk=iphoneos*]" = YES;
				"INFOPLIST_KEY_UIApplicationSceneManifest_Generation[sdk=iphonesimulator*]" = YES;
				"INFOPLIST_KEY_UIApplicationSupportsIndirectInputEvents[sdk=iphoneos*]" = YES;
				"INFOPLIST_KEY_UIApplicationSupportsIndirectInputEvents[sdk=iphonesimulator*]" = YES;
				"INFOPLIST_KEY_UILaunchScreen_Generation[sdk=iphoneos*]" = YES;
				"INFOPLIST_KEY_UILaunchScreen_Generation[sdk=iphonesimulator*]" = YES;
				"INFOPLIST_KEY_UIStatusBarStyle[sdk=iphoneos*]" = UIStatusBarStyleDefault;
				"INFOPLIST_KEY_UIStatusBarStyle[sdk=iphonesimulator*]" = UIStatusBarStyleDefault;
				INFOPLIST_KEY_UISupportedInterfaceOrientations_iPad = "UIInterfaceOrientationPortrait UIInterfaceOrientationPortraitUpsideDown UIInterfaceOrientationLandscapeLeft UIInterfaceOrientationLandscapeRight";
				INFOPLIST_KEY_UISupportedInterfaceOrientations_iPhone = "UIInterfaceOrientationPortrait UIInterfaceOrientationLandscapeLeft UIInterfaceOrientationLandscapeRight";
				IPHONEOS_DEPLOYMENT_TARGET = 26.2;
				LD_RUNPATH_SEARCH_PATHS = "@executable_path/Frameworks";
				"LD_RUNPATH_SEARCH_PATHS[sdk=macosx*]" = "@executable_path/../Frameworks";
				MACOSX_DEPLOYMENT_TARGET = 26.2;
				MARKETING_VERSION = 2.8.1;
				PRODUCT_BUNDLE_IDENTIFIER = com.dponskiy.Orca.dev;
				PRODUCT_NAME = "$(TARGET_NAME)";
				PROVISIONING_PROFILE_SPECIFIER = "";
				REGISTER_APP_GROUPS = YES;
				SDKROOT = auto;
				STRING_CATALOG_GENERATE_SYMBOLS = YES;
				SUPPORTED_PLATFORMS = "iphoneos iphonesimulator";
				SUPPORTS_MACCATALYST = NO;
				SWIFT_APPROACHABLE_CONCURRENCY = YES;
				SWIFT_DEFAULT_ACTOR_ISOLATION = MainActor;
				SWIFT_EMIT_LOC_STRINGS = YES;
				SWIFT_UPCOMING_FEATURE_MEMBER_IMPORT_VISIBILITY = YES;
				SWIFT_VERSION = 5.0;
				TARGETED_DEVICE_FAMILY = "1,2";
				XROS_DEPLOYMENT_TARGET = 26.2;
			};
			name = Debug;
		};
		873C1B802F4EA59E0058324F /* Release */ = {
			isa = XCBuildConfiguration;
			buildSettings = {
				ASSETCATALOG_COMPILER_APPICON_NAME = AppIcon;
				ASSETCATALOG_COMPILER_GLOBAL_ACCENT_COLOR_NAME = AccentColor;
				CODE_SIGN_ENTITLEMENTS = Orca/Orca.entitlements;
				CODE_SIGN_STYLE = Automatic;
				CURRENT_PROJECT_VERSION = 2;
				DEVELOPMENT_TEAM = NT9FS4SA62;
				ENABLE_APP_SANDBOX = YES;
				ENABLE_HARDENED_RUNTIME = YES;
				ENABLE_INCOMING_NETWORK_CONNECTIONS = NO;
				ENABLE_OUTGOING_NETWORK_CONNECTIONS = YES;
				ENABLE_PREVIEWS = YES;
				ENABLE_RESOURCE_ACCESS_AUDIO_INPUT = NO;
				ENABLE_RESOURCE_ACCESS_BLUETOOTH = NO;
				ENABLE_RESOURCE_ACCESS_CALENDARS = NO;
				ENABLE_RESOURCE_ACCESS_CAMERA = NO;
				ENABLE_RESOURCE_ACCESS_CONTACTS = NO;
				ENABLE_RESOURCE_ACCESS_LOCATION = NO;
				ENABLE_RESOURCE_ACCESS_PRINTING = NO;
				ENABLE_RESOURCE_ACCESS_USB = NO;
				ENABLE_USER_SELECTED_FILES = readonly;
				GENERATE_INFOPLIST_FILE = YES;
				INFOPLIST_FILE = Orca/Info.plist;
				INFOPLIST_KEY_CFBundleDisplayName = Orca;
				INFOPLIST_KEY_LSApplicationCategoryType = "public.app-category.productivity";
				INFOPLIST_KEY_NSCameraUsageDescription = "Orca uses your camera to capture screenshots as memories";
				INFOPLIST_KEY_NSHumanReadableCopyright = "";
				INFOPLIST_KEY_NSLocationWhenInUseUsageDescription = "Orca uses your location to show local weather";
				INFOPLIST_KEY_NSMicrophoneUsageDescription = "Orca needs your Microphone to capture voice memories";
				INFOPLIST_KEY_NSPhotoLibraryUsageDescription = "Orca accesses your photos to capture screenshots as memories";
				INFOPLIST_KEY_NSSpeechRecognitionUsageDescription = "Orca uses speech recognition to transcribe your voice memories";
				"INFOPLIST_KEY_UIApplicationSceneManifest_Generation[sdk=iphoneos*]" = YES;
				"INFOPLIST_KEY_UIApplicationSceneManifest_Generation[sdk=iphonesimulator*]" = YES;
				"INFOPLIST_KEY_UIApplicationSupportsIndirectInputEvents[sdk=iphoneos*]" = YES;
				"INFOPLIST_KEY_UIApplicationSupportsIndirectInputEvents[sdk=iphonesimulator*]" = YES;
				"INFOPLIST_KEY_UILaunchScreen_Generation[sdk=iphoneos*]" = YES;
				"INFOPLIST_KEY_UILaunchScreen_Generation[sdk=iphonesimulator*]" = YES;
				"INFOPLIST_KEY_UIStatusBarStyle[sdk=iphoneos*]" = UIStatusBarStyleDefault;
				"INFOPLIST_KEY_UIStatusBarStyle[sdk=iphonesimulator*]" = UIStatusBarStyleDefault;
				INFOPLIST_KEY_UISupportedInterfaceOrientations_iPad = "UIInterfaceOrientationPortrait UIInterfaceOrientationPortraitUpsideDown UIInterfaceOrientationLandscapeLeft UIInterfaceOrientationLandscapeRight";
				INFOPLIST_KEY_UISupportedInterfaceOrientations_iPhone = "UIInterfaceOrientationPortrait UIInterfaceOrientationLandscapeLeft UIInterfaceOrientationLandscapeRight";
				IPHONEOS_DEPLOYMENT_TARGET = 26.2;
				LD_RUNPATH_SEARCH_PATHS = "@executable_path/Frameworks";
				"LD_RUNPATH_SEARCH_PATHS[sdk=macosx*]" = "@executable_path/../Frameworks";
				MACOSX_DEPLOYMENT_TARGET = 26.2;
				MARKETING_VERSION = 2.8.1;
				PRODUCT_BUNDLE_IDENTIFIER = com.dponskiy.Orca;
				PRODUCT_NAME = "$(TARGET_NAME)";
				REGISTER_APP_GROUPS = YES;
				SDKROOT = auto;
				STRING_CATALOG_GENERATE_SYMBOLS = YES;
				SUPPORTED_PLATFORMS = "iphoneos iphonesimulator";
				SUPPORTS_MACCATALYST = NO;
				SWIFT_APPROACHABLE_CONCURRENCY = YES;
				SWIFT_DEFAULT_ACTOR_ISOLATION = MainActor;
				SWIFT_EMIT_LOC_STRINGS = YES;
				SWIFT_UPCOMING_FEATURE_MEMBER_IMPORT_VISIBILITY = YES;
				SWIFT_VERSION = 5.0;
				TARGETED_DEVICE_FAMILY = "1,2";
				XROS_DEPLOYMENT_TARGET = 26.2;
			};
			name = Release;
		};
		873C1B822F4EA59E0058324F /* Debug */ = {
			isa = XCBuildConfiguration;
			buildSettings = {
				BUNDLE_LOADER = "$(TEST_HOST)";
				CODE_SIGN_STYLE = Automatic;
				CURRENT_PROJECT_VERSION = 1;
				DEVELOPMENT_TEAM = NT9FS4SA62;
				GENERATE_INFOPLIST_FILE = YES;
				IPHONEOS_DEPLOYMENT_TARGET = 26.2;
				MACOSX_DEPLOYMENT_TARGET = 26.2;
				MARKETING_VERSION = 1.0;
				PRODUCT_BUNDLE_IDENTIFIER = com.dponskiy.OrcaTests;
				PRODUCT_NAME = "$(TARGET_NAME)";
				SDKROOT = auto;
				STRING_CATALOG_GENERATE_SYMBOLS = NO;
				SUPPORTED_PLATFORMS = "iphoneos iphonesimulator macosx xros xrsimulator";
				SWIFT_APPROACHABLE_CONCURRENCY = YES;
				SWIFT_EMIT_LOC_STRINGS = NO;
				SWIFT_UPCOMING_FEATURE_MEMBER_IMPORT_VISIBILITY = YES;
				SWIFT_VERSION = 5.0;
				TARGETED_DEVICE_FAMILY = "1,2,7";
				TEST_HOST = "$(BUILT_PRODUCTS_DIR)/Orca.app/$(BUNDLE_EXECUTABLE_FOLDER_PATH)/Orca";
				XROS_DEPLOYMENT_TARGET = 26.2;
			};
			name = Debug;
		};
		873C1B832F4EA59E0058324F /* Release */ = {
			isa = XCBuildConfiguration;
			buildSettings = {
				BUNDLE_LOADER = "$(TEST_HOST)";
				CODE_SIGN_STYLE = Automatic;
				CURRENT_PROJECT_VERSION = 1;
				DEVELOPMENT_TEAM = NT9FS4SA62;
				GENERATE_INFOPLIST_FILE = YES;
				IPHONEOS_DEPLOYMENT_TARGET = 26.2;
				MACOSX_DEPLOYMENT_TARGET = 26.2;
				MARKETING_VERSION = 1.0;
				PRODUCT_BUNDLE_IDENTIFIER = com.dponskiy.OrcaTests;
				PRODUCT_NAME = "$(TARGET_NAME)";
				SDKROOT = auto;
				STRING_CATALOG_GENERATE_SYMBOLS = NO;
				SUPPORTED_PLATFORMS = "iphoneos iphonesimulator macosx xros xrsimulator";
				SWIFT_APPROACHABLE_CONCURRENCY = YES;
				SWIFT_EMIT_LOC_STRINGS = NO;
				SWIFT_UPCOMING_FEATURE_MEMBER_IMPORT_VISIBILITY = YES;
				SWIFT_VERSION = 5.0;
				TARGETED_DEVICE_FAMILY = "1,2,7";
				TEST_HOST = "$(BUILT_PRODUCTS_DIR)/Orca.app/$(BUNDLE_EXECUTABLE_FOLDER_PATH)/Orca";
				XROS_DEPLOYMENT_TARGET = 26.2;
			};
			name = Release;
		};
		873C1B852F4EA59E0058324F /* Debug */ = {
			isa = XCBuildConfiguration;
			buildSettings = {
				CODE_SIGN_STYLE = Automatic;
				CURRENT_PROJECT_VERSION = 1;
				DEVELOPMENT_TEAM = NT9FS4SA62;
				GENERATE_INFOPLIST_FILE = YES;
				IPHONEOS_DEPLOYMENT_TARGET = 26.2;
				MACOSX_DEPLOYMENT_TARGET = 26.2;
				MARKETING_VERSION = 1.0;
				PRODUCT_BUNDLE_IDENTIFIER = com.dponskiy.OrcaUITests;
				PRODUCT_NAME = "$(TARGET_NAME)";
				SDKROOT = auto;
				STRING_CATALOG_GENERATE_SYMBOLS = NO;
				SUPPORTED_PLATFORMS = "iphoneos iphonesimulator macosx xros xrsimulator";
				SWIFT_APPROACHABLE_CONCURRENCY = YES;
				SWIFT_EMIT_LOC_STRINGS = NO;
				SWIFT_UPCOMING_FEATURE_MEMBER_IMPORT_VISIBILITY = YES;
				SWIFT_VERSION = 5.0;
				TARGETED_DEVICE_FAMILY = "1,2,7";
				TEST_TARGET_NAME = Orca;
				XROS_DEPLOYMENT_TARGET = 26.2;
			};
			name = Debug;
		};
		873C1B862F4EA59E0058324F /* Release */ = {
			isa = XCBuildConfiguration;
			buildSettings = {
				CODE_SIGN_STYLE = Automatic;
				CURRENT_PROJECT_VERSION = 1;
				DEVELOPMENT_TEAM = NT9FS4SA62;
				GENERATE_INFOPLIST_FILE = YES;
				IPHONEOS_DEPLOYMENT_TARGET = 26.2;
				MACOSX_DEPLOYMENT_TARGET = 26.2;
				MARKETING_VERSION = 1.0;
				PRODUCT_BUNDLE_IDENTIFIER = com.dponskiy.OrcaUITests;
				PRODUCT_NAME = "$(TARGET_NAME)";
				SDKROOT = auto;
				STRING_CATALOG_GENERATE_SYMBOLS = NO;
				SUPPORTED_PLATFORMS = "iphoneos iphonesimulator macosx xros xrsimulator";
				SWIFT_APPROACHABLE_CONCURRENCY = YES;
				SWIFT_EMIT_LOC_STRINGS = NO;
				SWIFT_UPCOMING_FEATURE_MEMBER_IMPORT_VISIBILITY = YES;
				SWIFT_VERSION = 5.0;
				TARGETED_DEVICE_FAMILY = "1,2,7";
				TEST_TARGET_NAME = Orca;
				XROS_DEPLOYMENT_TARGET = 26.2;
			};
			name = Release;
		};
		87AB74DB2FC0A0770065A2D6 /* Debug */ = {
			isa = XCBuildConfiguration;
			buildSettings = {
				ASSETCATALOG_COMPILER_GLOBAL_ACCENT_COLOR_NAME = AccentColor;
				ASSETCATALOG_COMPILER_WIDGET_BACKGROUND_COLOR_NAME = WidgetBackground;
				CODE_SIGN_ENTITLEMENTS = OrcaWidgetExtensionDebug.entitlements;
				CODE_SIGN_IDENTITY = "Apple Development";
				CODE_SIGN_STYLE = Automatic;
				CURRENT_PROJECT_VERSION = 1;
				DEVELOPMENT_TEAM = NT9FS4SA62;
				GENERATE_INFOPLIST_FILE = YES;
				INFOPLIST_FILE = OrcaWidget/Info.plist;
				INFOPLIST_KEY_CFBundleDisplayName = OrcaWidget;
				INFOPLIST_KEY_NSHumanReadableCopyright = "";
				IPHONEOS_DEPLOYMENT_TARGET = 26.5;
				LD_RUNPATH_SEARCH_PATHS = (
					"$(inherited)",
					"@executable_path/Frameworks",
					"@executable_path/../../Frameworks",
				);
				MARKETING_VERSION = 1.0;
				PRODUCT_BUNDLE_IDENTIFIER = com.dponskiy.Orca.dev.OrcaWidgetExtension;
				PRODUCT_NAME = "$(TARGET_NAME)";
				PROVISIONING_PROFILE_SPECIFIER = "";
				SDKROOT = iphoneos;
				SKIP_INSTALL = YES;
				STRING_CATALOG_GENERATE_SYMBOLS = YES;
				SWIFT_APPROACHABLE_CONCURRENCY = YES;
				SWIFT_EMIT_LOC_STRINGS = YES;
				SWIFT_UPCOMING_FEATURE_MEMBER_IMPORT_VISIBILITY = YES;
				SWIFT_VERSION = 5.0;
				TARGETED_DEVICE_FAMILY = "1,2";
			};
			name = Debug;
		};
		87AB74DC2FC0A0770065A2D6 /* Release */ = {
			isa = XCBuildConfiguration;
			buildSettings = {
				ASSETCATALOG_COMPILER_GLOBAL_ACCENT_COLOR_NAME = AccentColor;
				ASSETCATALOG_COMPILER_WIDGET_BACKGROUND_COLOR_NAME = WidgetBackground;
				CODE_SIGN_ENTITLEMENTS = OrcaWidgetExtension.entitlements;
				CODE_SIGN_STYLE = Automatic;
				CURRENT_PROJECT_VERSION = 1;
				DEVELOPMENT_TEAM = NT9FS4SA62;
				GENERATE_INFOPLIST_FILE = YES;
				INFOPLIST_FILE = OrcaWidget/Info.plist;
				INFOPLIST_KEY_CFBundleDisplayName = OrcaWidget;
				INFOPLIST_KEY_NSHumanReadableCopyright = "";
				IPHONEOS_DEPLOYMENT_TARGET = 26.5;
				LD_RUNPATH_SEARCH_PATHS = (
					"$(inherited)",
					"@executable_path/Frameworks",
					"@executable_path/../../Frameworks",
				);
				MARKETING_VERSION = 1.0;
				PRODUCT_BUNDLE_IDENTIFIER = com.dponskiy.Orca.OrcaWidgetExtension;
				PRODUCT_NAME = "$(TARGET_NAME)";
				SDKROOT = iphoneos;
				SKIP_INSTALL = YES;
				STRING_CATALOG_GENERATE_SYMBOLS = YES;
				SWIFT_APPROACHABLE_CONCURRENCY = YES;
				SWIFT_EMIT_LOC_STRINGS = YES;
				SWIFT_UPCOMING_FEATURE_MEMBER_IMPORT_VISIBILITY = YES;
				SWIFT_VERSION = 5.0;
				TARGETED_DEVICE_FAMILY = "1,2";
				VALIDATE_PRODUCT = YES;
			};
			name = Release;
		};
/* End XCBuildConfiguration section */

/* Begin XCConfigurationList section */
		873C1B562F4EA59D0058324F /* Build configuration list for PBXProject "Orca" */ = {
			isa = XCConfigurationList;
			buildConfigurations = (
				873C1B7C2F4EA59E0058324F /* Debug */,
				873C1B7D2F4EA59E0058324F /* Release */,
			);
			defaultConfigurationIsVisible = 0;
			defaultConfigurationName = Release;
		};
		873C1B7E2F4EA59E0058324F /* Build configuration list for PBXNativeTarget "Orca" */ = {
			isa = XCConfigurationList;
			buildConfigurations = (
				873C1B7F2F4EA59E0058324F /* Debug */,
				873C1B802F4EA59E0058324F /* Release */,
			);
			defaultConfigurationIsVisible = 0;
			defaultConfigurationName = Release;
		};
		873C1B812F4EA59E0058324F /* Build configuration list for PBXNativeTarget "OrcaTests" */ = {
			isa = XCConfigurationList;
			buildConfigurations = (
				873C1B822F4EA59E0058324F /* Debug */,
				873C1B832F4EA59E0058324F /* Release */,
			);
			defaultConfigurationIsVisible = 0;
			defaultConfigurationName = Release;
		};
		873C1B842F4EA59E0058324F /* Build configuration list for PBXNativeTarget "OrcaUITests" */ = {
			isa = XCConfigurationList;
			buildConfigurations = (
				873C1B852F4EA59E0058324F /* Debug */,
				873C1B862F4EA59E0058324F /* Release */,
			);
			defaultConfigurationIsVisible = 0;
			defaultConfigurationName = Release;
		};
		87AB74DA2FC0A0770065A2D6 /* Build configuration list for PBXNativeTarget "OrcaWidgetExtension" */ = {
			isa = XCConfigurationList;
			buildConfigurations = (
				87AB74DB2FC0A0770065A2D6 /* Debug */,
				87AB74DC2FC0A0770065A2D6 /* Release */,
			);
			defaultConfigurationIsVisible = 0;
			defaultConfigurationName = Release;
		};
/* End XCConfigurationList section */

/* Begin XCRemoteSwiftPackageReference section */
		87CD0AE22F52928600CAAB4D /* XCRemoteSwiftPackageReference "supabase-swift" */ = {
			isa = XCRemoteSwiftPackageReference;
			repositoryURL = "https://github.com/supabase/supabase-swift.git";
			requirement = {
				kind = upToNextMajorVersion;
				minimumVersion = 2.5.1;
			};
		};
		87CD0AF82F57D99A00CAAB4D /* XCRemoteSwiftPackageReference "mixpanel-swift" */ = {
			isa = XCRemoteSwiftPackageReference;
			repositoryURL = "https://github.com/mixpanel/mixpanel-swift";
			requirement = {
				kind = upToNextMajorVersion;
				minimumVersion = 5.2.0;
			};
		};
/* End XCRemoteSwiftPackageReference section */

/* Begin XCSwiftPackageProductDependency section */
		87CD0AE92F529B4700CAAB4D /* Supabase */ = {
			isa = XCSwiftPackageProductDependency;
			package = 87CD0AE22F52928600CAAB4D /* XCRemoteSwiftPackageReference "supabase-swift" */;
			productName = Supabase;
		};
		87CD0AF92F57D99A00CAAB4D /* Mixpanel */ = {
			isa = XCSwiftPackageProductDependency;
			package = 87CD0AF82F57D99A00CAAB4D /* XCRemoteSwiftPackageReference "mixpanel-swift" */;
			productName = Mixpanel;
		};
/* End XCSwiftPackageProductDependency section */
	};
	rootObject = 873C1B532F4EA59D0058324F /* Project object */;
}
